// !$*UTF8*$!
{
	archiveVersion = 1;
	classes = {
	};
	objectVersion = 55;
	objects = {

/* Begin PBXBuildFile section */
		D4C4424127BEA94500068E44 /* AppDelegate.swift in Sources */ = {isa = PBXBuildFile; fileRef = D4C4424027BEA94500068E44 /* AppDelegate.swift */; };
		D4C4424327BEA94500068E44 /* SceneDelegate.swift in Sources */ = {isa = PBXBuildFile; fileRef = D4C4424227BEA94500068E44 /* SceneDelegate.swift */; };
		D4C4424527BEA94500068E44 /* ViewController.swift in Sources */ = {isa = PBXBuildFile; fileRef = D4C4424427BEA94500068E44 /* ViewController.swift */; };
		D4C4424827BEA94500068E44 /* Main.storyboard in Resources */ = {isa = PBXBuildFile; fileRef = D4C4424627BEA94500068E44 /* Main.storyboard */; };
		D4C4424A27BEA94600068E44 /* Assets.xcassets in Resources */ = {isa = PBXBuildFile; fileRef = D4C4424927BEA94600068E44 /* Assets.xcassets */; };
		D4C4424D27BEA94600068E44 /* LaunchScreen.storyboard in Resources */ = {isa = PBXBuildFile; fileRef = D4C4424B27BEA94600068E44 /* LaunchScreen.storyboard */; };
		D4C4425827BEA94600068E44 /* ExpandCellAtLabelTests.swift in Sources */ = {isa = PBXBuildFile; fileRef = D4C4425727BEA94600068E44 /* ExpandCellAtLabelTests.swift */; };
		D4C4426227BEA94600068E44 /* ExpandCellAtLabelUITests.swift in Sources */ = {isa = PBXBuildFile; fileRef = D4C4426127BEA94600068E44 /* ExpandCellAtLabelUITests.swift */; };
		D4C4426427BEA94600068E44 /* ExpandCellAtLabelUITestsLaunchTests.swift in Sources */ = {isa = PBXBuildFile; fileRef = D4C4426327BEA94600068E44 /* ExpandCellAtLabelUITestsLaunchTests.swift */; };
		D4C4427127BEA9A800068E44 /* girl.png in Resources */ = {isa = PBXBuildFile; fileRef = D4C4427027BEA9A800068E44 /* girl.png */; };
/* End PBXBuildFile section */

/* Begin PBXContainerItemProxy section */
		D4C4425427BEA94600068E44 /* PBXContainerItemProxy */ = {
			isa = PBXContainerItemProxy;
			containerPortal = D4C4423527BEA94500068E44 /* Project object */;
			proxyType = 1;
			remoteGlobalIDString = D4C4423C27BEA94500068E44;
			remoteInfo = ExpandCellAtLabel;
		};
		D4C4425E27BEA94600068E44 /* PBXContainerItemProxy */ = {
			isa = PBXContainerItemProxy;
			containerPortal = D4C4423527BEA94500068E44 /* Project object */;
			proxyType = 1;
			remoteGlobalIDString = D4C4423C27BEA94500068E44;
			remoteInfo = ExpandCellAtLabel;
		};
/* End PBXContainerItemProxy section */

/* Begin PBXFileReference section */
		D4C4423D27BEA94500068E44 /* ExpandCellAtLabel.app */ = {isa = PBXFileReference; explicitFileType = wrapper.application; includeInIndex = 0; path = ExpandCellAtLabel.app; sourceTree = BUILT_PRODUCTS_DIR; };
		D4C4424027BEA94500068E44 /* AppDelegate.swift */ = {isa = PBXFileReference; lastKnownFileType = sourcecode.swift; path = AppDelegate.swift; sourceTree = "<group>"; };
		D4C4424227BEA94500068E44 /* SceneDelegate.swift */ = {isa = PBXFileReference; lastKnownFileType = sourcecode.swift; path = SceneDelegate.swift; sourceTree = "<group>"; };
		D4C4424427BEA94500068E44 /* ViewController.swift */ = {isa = PBXFileReference; lastKnownFileType = sourcecode.swift; path = ViewController.swift; sourceTree = "<group>"; };
		D4C4424727BEA94500068E44 /* Base */ = {isa = PBXFileReference; lastKnownFileType = file.storyboard; name = Base; path = Base.lproj/Main.storyboard; sourceTree = "<group>"; };
		D4C4424927BEA94600068E44 /* Assets.xcassets */ = {isa = PBXFileReference; lastKnownFileType = folder.assetcatalog; path = Assets.xcassets; sourceTree = "<group>"; };
		D4C4424C27BEA94600068E44 /* Base */ = {isa = PBXFileReference; lastKnownFileType = file.storyboard; name = Base; path = Base.lproj/LaunchScreen.storyboard; sourceTree = "<group>"; };
		D4C4424E27BEA94600068E44 /* Info.plist */ = {isa = PBXFileReference; lastKnownFileType = text.plist.xml; path = Info.plist; sourceTree = "<group>"; };
		D4C4425327BEA94600068E44 /* ExpandCellAtLabelTests.xctest */ = {isa = PBXFileReference; explicitFileType = wrapper.cfbundle; includeInIndex = 0; path = ExpandCellAtLabelTests.xctest; sourceTree = BUILT_PRODUCTS_DIR; };
		D4C4425727BEA94600068E44 /* ExpandCellAtLabelTests.swift */ = {isa = PBXFileReference; lastKnownFileType = sourcecode.swift; path = ExpandCellAtLabelTests.swift; sourceTree = "<group>"; };
		D4C4425D27BEA94600068E44 /* ExpandCellAtLabelUITests.xctest */ = {isa = PBXFileReference; explicitFileType = wrapper.cfbundle; includeInIndex = 0; path = ExpandCellAtLabelUITests.xctest; sourceTree = BUILT_PRODUCTS_DIR; };
		D4C4426127BEA94600068E44 /* ExpandCellAtLabelUITests.swift */ = {isa = PBXFileReference; lastKnownFileType = sourcecode.swift; path = ExpandCellAtLabelUITests.swift; sourceTree = "<group>"; };
		D4C4426327BEA94600068E44 /* ExpandCellAtLabelUITestsLaunchTests.swift */ = {isa = PBXFileReference; lastKnownFileType = sourcecode.swift; path = ExpandCellAtLabelUITestsLaunchTests.swift; sourceTree = "<group>"; };
		D4C4427027BEA9A800068E44 /* girl.png */ = {isa = PBXFileReference; lastKnownFileType = image.png; name = girl.png; path = "../../../../잠깐연습용/Lecture Image Resource/girl.png"; sourceTree = "<group>"; };
/* End PBXFileReference section */

/* Begin PBXFrameworksBuildPhase section */
		D4C4423A27BEA94500068E44 /* Frameworks */ = {
			isa = PBXFrameworksBuildPhase;
			buildActionMask = 2147483647;
			files = (
			);
			runOnlyForDeploymentPostprocessing = 0;
		};
		D4C4425027BEA94600068E44 /* Frameworks */ = {
			isa = PBXFrameworksBuildPhase;
			buildActionMask = 2147483647;
			files = (
			);
			runOnlyForDeploymentPostprocessing = 0;
		};
		D4C4425A27BEA94600068E44 /* Frameworks */ = {
			isa = PBXFrameworksBuildPhase;
			buildActionMask = 2147483647;
			files = (
			);
			runOnlyForDeploymentPostprocessing = 0;
		};
/* End PBXFrameworksBuildPhase section */

/* Begin PBXGroup section */
		D4C4423427BEA94500068E44 = {
			isa = PBXGroup;
			children = (
				D4C4423F27BEA94500068E44 /* ExpandCellAtLabel */,
				D4C4425627BEA94600068E44 /* ExpandCellAtLabelTests */,
				D4C4426027BEA94600068E44 /* ExpandCellAtLabelUITests */,
				D4C4423E27BEA94500068E44 /* Products */,
			);
			sourceTree = "<group>";
		};
		D4C4423E27BEA94500068E44 /* Products */ = {
			isa = PBXGroup;
			children = (
				D4C4423D27BEA94500068E44 /* ExpandCellAtLabel.app */,
				D4C4425327BEA94600068E44 /* ExpandCellAtLabelTests.xctest */,
				D4C4425D27BEA94600068E44 /* ExpandCellAtLabelUITests.xctest */,
			);
			name = Products;
			sourceTree = "<group>";
		};
		D4C4423F27BEA94500068E44 /* ExpandCellAtLabel */ = {
			isa = PBXGroup;
			children = (
				D4C4427027BEA9A800068E44 /* girl.png */,
				D4C4424027BEA94500068E44 /* AppDelegate.swift */,
				D4C4424227BEA94500068E44 /* SceneDelegate.swift */,
				D4C4424427BEA94500068E44 /* ViewController.swift */,
				D4C4424627BEA94500068E44 /* Main.storyboard */,
				D4C4424927BEA94600068E44 /* Assets.xcassets */,
				D4C4424B27BEA94600068E44 /* LaunchScreen.storyboard */,
				D4C4424E27BEA94600068E44 /* Info.plist */,
			);
			path = ExpandCellAtLabel;
			sourceTree = "<group>";
		};
		D4C4425627BEA94600068E44 /* ExpandCellAtLabelTests */ = {
			isa = PBXGroup;
			children = (
				D4C4425727BEA94600068E44 /* ExpandCellAtLabelTests.swift */,
			);
			path = ExpandCellAtLabelTests;
			sourceTree = "<group>";
		};
		D4C4426027BEA94600068E44 /* ExpandCellAtLabelUITests */ = {
			isa = PBXGroup;
			children = (
				D4C4426127BEA94600068E44 /* ExpandCellAtLabelUITests.swift */,
				D4C4426327BEA94600068E44 /* ExpandCellAtLabelUITestsLaunchTests.swift */,
			);
			path = ExpandCellAtLabelUITests;
			sourceTree = "<group>";
		};
/* End PBXGroup section */

/* Begin PBXNativeTarget section */
		D4C4423C27BEA94500068E44 /* ExpandCellAtLabel */ = {
			isa = PBXNativeTarget;
			buildConfigurationList = D4C4426727BEA94600068E44 /* Build configuration list for PBXNativeTarget "ExpandCellAtLabel" */;
			buildPhases = (
				D4C4423927BEA94500068E44 /* Sources */,
				D4C4423A27BEA94500068E44 /* Frameworks */,
				D4C4423B27BEA94500068E44 /* Resources */,
			);
			buildRules = (
			);
			dependencies = (
			);
			name = ExpandCellAtLabel;
			productName = ExpandCellAtLabel;
			productReference = D4C4423D27BEA94500068E44 /* ExpandCellAtLabel.app */;
			productType = "com.apple.product-type.application";
		};
		D4C4425227BEA94600068E44 /* ExpandCellAtLabelTests */ = {
			isa = PBXNativeTarget;
			buildConfigurationList = D4C4426A27BEA94600068E44 /* Build configuration list for PBXNativeTarget "ExpandCellAtLabelTests" */;
			buildPhases = (
				D4C4424F27BEA94600068E44 /* Sources */,
				D4C4425027BEA94600068E44 /* Frameworks */,
				D4C4425127BEA94600068E44 /* Resources */,
			);
			buildRules = (
			);
			dependencies = (
				D4C4425527BEA94600068E44 /* PBXTargetDependency */,
			);
			name = ExpandCellAtLabelTests;
			productName = ExpandCellAtLabelTests;
			productReference = D4C4425327BEA94600068E44 /* ExpandCellAtLabelTests.xctest */;
			productType = "com.apple.product-type.bundle.unit-test";
		};
		D4C4425C27BEA94600068E44 /* ExpandCellAtLabelUITests */ = {
			isa = PBXNativeTarget;
			buildConfigurationList = D4C4426D27BEA94600068E44 /* Build configuration list for PBXNativeTarget "ExpandCellAtLabelUITests" */;
			buildPhases = (
				D4C4425927BEA94600068E44 /* Sources */,
				D4C4425A27BEA94600068E44 /* Frameworks */,
				D4C4425B27BEA94600068E44 /* Resources */,
			);
			buildRules = (
			);
			dependencies = (
				D4C4425F27BEA94600068E44 /* PBXTargetDependency */,
			);
			name = ExpandCellAtLabelUITests;
			productName = ExpandCellAtLabelUITests;
			productReference = D4C4425D27BEA94600068E44 /* ExpandCellAtLabelUITests.xctest */;
			productType = "com.apple.product-type.bundle.ui-testing";
		};
/* End PBXNativeTarget section */

/* Begin PBXProject section */
		D4C4423527BEA94500068E44 /* Project object */ = {
			isa = PBXProject;
			attributes = {
				BuildIndependentTargetsInParallel = 1;
				LastSwiftUpdateCheck = 1320;
				LastUpgradeCheck = 1320;
				TargetAttributes = {
					D4C4423C27BEA94500068E44 = {
						CreatedOnToolsVersion = 13.2.1;
					};
					D4C4425227BEA94600068E44 = {
						CreatedOnToolsVersion = 13.2.1;
						TestTargetID = D4C4423C27BEA94500068E44;
					};
					D4C4425C27BEA94600068E44 = {
						CreatedOnToolsVersion = 13.2.1;
						TestTargetID = D4C4423C27BEA94500068E44;
					};
				};
			};
			buildConfigurationList = D4C4423827BEA94500068E44 /* Build configuration list for PBXProject "ExpandCellAtLabel" */;
			compatibilityVersion = "Xcode 13.0";
			developmentRegion = en;
			hasScannedForEncodings = 0;
			knownRegions = (
				en,
				Base,
			);
			mainGroup = D4C4423427BEA94500068E44;
			productRefGroup = D4C4423E27BEA94500068E44 /* Products */;
			projectDirPath = "";
			projectRoot = "";
			targets = (
				D4C4423C27BEA94500068E44 /* ExpandCellAtLabel */,
				D4C4425227BEA94600068E44 /* ExpandCellAtLabelTests */,
				D4C4425C27BEA94600068E44 /* ExpandCellAtLabelUITests */,
			);
		};
/* End PBXProject section */

/* Begin PBXResourcesBuildPhase section */
		D4C4423B27BEA94500068E44 /* Resources */ = {
			isa = PBXResourcesBuildPhase;
			buildActionMask = 2147483647;
			files = (
				D4C4424D27BEA94600068E44 /* LaunchScreen.storyboard in Resources */,
				D4C4427127BEA9A800068E44 /* girl.png in Resources */,
				D4C4424A27BEA94600068E44 /* Assets.xcassets in Resources */,
				D4C4424827BEA94500068E44 /* Main.storyboard in Resources */,
			);
			runOnlyForDeploymentPostprocessing = 0;
		};
		D4C4425127BEA94600068E44 /* Resources */ = {
			isa = PBXResourcesBuildPhase;
			buildActionMask = 2147483647;
			files = (
			);
			runOnlyForDeploymentPostprocessing = 0;
		};
		D4C4425B27BEA94600068E44 /* Resources */ = {
			isa = PBXResourcesBuildPhase;
			buildActionMask = 2147483647;
			files = (
			);
			runOnlyForDeploymentPostprocessing = 0;
		};
/* End PBXResourcesBuildPhase section */

/* Begin PBXSourcesBuildPhase section */
		D4C4423927BEA94500068E44 /* Sources */ = {
			isa = PBXSourcesBuildPhase;
			buildActionMask = 2147483647;
			files = (
				D4C4424527BEA94500068E44 /* ViewController.swift in Sources */,
				D4C4424127BEA94500068E44 /* AppDelegate.swift in Sources */,
				D4C4424327BEA94500068E44 /* SceneDelegate.swift in Sources */,
			);
			runOnlyForDeploymentPostprocessing = 0;
		};
		D4C4424F27BEA94600068E44 /* Sources */ = {
			isa = PBXSourcesBuildPhase;
			buildActionMask = 2147483647;
			files = (
				D4C4425827BEA94600068E44 /* ExpandCellAtLabelTests.swift in Sources */,
			);
			runOnlyForDeploymentPostprocessing = 0;
		};
		D4C4425927BEA94600068E44 /* Sources */ = {
			isa = PBXSourcesBuildPhase;
			buildActionMask = 2147483647;
			files = (
				D4C4426427BEA94600068E44 /* ExpandCellAtLabelUITestsLaunchTests.swift in Sources */,
				D4C4426227BEA94600068E44 /* ExpandCellAtLabelUITests.swift in Sources */,
			);
			runOnlyForDeploymentPostprocessing = 0;
		};
/* End PBXSourcesBuildPhase section */

/* Begin PBXTargetDependency section */
		D4C4425527BEA94600068E44 /* PBXTargetDependency */ = {
			isa = PBXTargetDependency;
			target = D4C4423C27BEA94500068E44 /* ExpandCellAtLabel */;
			targetProxy = D4C4425427BEA94600068E44 /* PBXContainerItemProxy */;
		};
		D4C4425F27BEA94600068E44 /* PBXTargetDependency */ = {
			isa = PBXTargetDependency;
			target = D4C4423C27BEA94500068E44 /* ExpandCellAtLabel */;
			targetProxy = D4C4425E27BEA94600068E44 /* PBXContainerItemProxy */;
		};
/* End PBXTargetDependency section */

/* Begin PBXVariantGroup section */
		D4C4424627BEA94500068E44 /* Main.storyboard */ = {
			isa = PBXVariantGroup;
			children = (
				D4C4424727BEA94500068E44 /* Base */,
			);
			name = Main.storyboard;
			sourceTree = "<group>";
		};
		D4C4424B27BEA94600068E44 /* LaunchScreen.storyboard */ = {
			isa = PBXVariantGroup;
			children = (
				D4C4424C27BEA94600068E44 /* Base */,
			);
			name = LaunchScreen.storyboard;
			sourceTree = "<group>";
		};
/* End PBXVariantGroup section */

/* Begin XCBuildConfiguration section */
		D4C4426527BEA94600068E44 /* Debug */ = {
			isa = XCBuildConfiguration;
			buildSettings = {
				ALWAYS_SEARCH_USER_PATHS = NO;
				CLANG_ANALYZER_NONNULL = YES;
				CLANG_ANALYZER_NUMBER_OBJECT_CONVERSION = YES_AGGRESSIVE;
				CLANG_CXX_LANGUAGE_STANDARD = "gnu++17";
				CLANG_CXX_LIBRARY = "libc++";
				CLANG_ENABLE_MODULES = YES;
				CLANG_ENABLE_OBJC_ARC = YES;
				CLANG_ENABLE_OBJC_WEAK = YES;
				CLANG_WARN_BLOCK_CAPTURE_AUTORELEASING = YES;
				CLANG_WARN_BOOL_CONVERSION = YES;
				CLANG_WARN_COMMA = YES;
				CLANG_WARN_CONSTANT_CONVERSION = YES;
				CLANG_WARN_DEPRECATED_OBJC_IMPLEMENTATIONS = YES;
				CLANG_WARN_DIRECT_OBJC_ISA_USAGE = YES_ERROR;
				CLANG_WARN_DOCUMENTATION_COMMENTS = YES;
				CLANG_WARN_EMPTY_BODY = YES;
				CLANG_WARN_ENUM_CONVERSION = YES;
				CLANG_WARN_INFINITE_RECURSION = YES;
				CLANG_WARN_INT_CONVERSION = YES;
				CLANG_WARN_NON_LITERAL_NULL_CONVERSION = YES;
				CLANG_WARN_OBJC_IMPLICIT_RETAIN_SELF = YES;
				CLANG_WARN_OBJC_LITERAL_CONVERSION = YES;
				CLANG_WARN_OBJC_ROOT_CLASS = YES_ERROR;
				CLANG_WARN_QUOTED_INCLUDE_IN_FRAMEWORK_HEADER = YES;
				CLANG_WARN_RANGE_LOOP_ANALYSIS = YES;
				CLANG_WARN_STRICT_PROTOTYPES = YES;
				CLANG_WARN_SUSPICIOUS_MOVE = YES;
				CLANG_WARN_UNGUARDED_AVAILABILITY = YES_AGGRESSIVE;
				CLANG_WARN_UNREACHABLE_CODE = YES;
				CLANG_WARN__DUPLICATE_METHOD_MATCH = YES;
				COPY_PHASE_STRIP = NO;
				DEBUG_INFORMATION_FORMAT = dwarf;
				ENABLE_STRICT_OBJC_MSGSEND = YES;
				ENABLE_TESTABILITY = YES;
				GCC_C_LANGUAGE_STANDARD = gnu11;
				GCC_DYNAMIC_NO_PIC = NO;
				GCC_NO_COMMON_BLOCKS = YES;
				GCC_OPTIMIZATION_LEVEL = 0;
				GCC_PREPROCESSOR_DEFINITIONS = (
					"DEBUG=1",
					"$(inherited)",
				);
				GCC_WARN_64_TO_32_BIT_CONVERSION = YES;
				GCC_WARN_ABOUT_RETURN_TYPE = YES_ERROR;
				GCC_WARN_UNDECLARED_SELECTOR = YES;
				GCC_WARN_UNINITIALIZED_AUTOS = YES_AGGRESSIVE;
				GCC_WARN_UNUSED_FUNCTION = YES;
				GCC_WARN_UNUSED_VARIABLE = YES;
				IPHONEOS_DEPLOYMENT_TARGET = 15.2;
				MTL_ENABLE_DEBUG_INFO = INCLUDE_SOURCE;
				MTL_FAST_MATH = YES;
				ONLY_ACTIVE_ARCH = YES;
				SDKROOT = iphoneos;
				SWIFT_ACTIVE_COMPILATION_CONDITIONS = DEBUG;
				SWIFT_OPTIMIZATION_LEVEL = "-Onone";
			};
			name = Debug;
		};
		D4C4426627BEA94600068E44 /* Release */ = {
			isa = XCBuildConfiguration;
			buildSettings = {
				ALWAYS_SEARCH_USER_PATHS = NO;
				CLANG_ANALYZER_NONNULL = YES;
				CLANG_ANALYZER_NUMBER_OBJECT_CONVERSION = YES_AGGRESSIVE;
				CLANG_CXX_LANGUAGE_STANDARD = "gnu++17";
				CLANG_CXX_LIBRARY = "libc++";
				CLANG_ENABLE_MODULES = YES;
				CLANG_ENABLE_OBJC_ARC = YES;
				CLANG_ENABLE_OBJC_WEAK = YES;
				CLANG_WARN_BLOCK_CAPTURE_AUTORELEASING = YES;
				CLANG_WARN_BOOL_CONVERSION = YES;
				CLANG_WARN_COMMA = YES;
				CLANG_WARN_CONSTANT_CONVERSION = YES;
				CLANG_WARN_DEPRECATED_OBJC_IMPLEMENTATIONS = YES;
				CLANG_WARN_DIRECT_OBJC_ISA_USAGE = YES_ERROR;
				CLANG_WARN_DOCUMENTATION_COMMENTS = YES;
				CLANG_WARN_EMPTY_BODY = YES;
				CLANG_WARN_ENUM_CONVERSION = YES;
				CLANG_WARN_INFINITE_RECURSION = YES;
				CLANG_WARN_INT_CONVERSION = YES;
				CLANG_WARN_NON_LITERAL_NULL_CONVERSION = YES;
				CLANG_WARN_OBJC_IMPLICIT_RETAIN_SELF = YES;
				CLANG_WARN_OBJC_LITERAL_CONVERSION = YES;
				CLANG_WARN_OBJC_ROOT_CLASS = YES_ERROR;
				CLANG_WARN_QUOTED_INCLUDE_IN_FRAMEWORK_HEADER = YES;
				CLANG_WARN_RANGE_LOOP_ANALYSIS = YES;
				CLANG_WARN_STRICT_PROTOTYPES = YES;
				CLANG_WARN_SUSPICIOUS_MOVE = YES;
				CLANG_WARN_UNGUARDED_AVAILABILITY = YES_AGGRESSIVE;
				CLANG_WARN_UNREACHABLE_CODE = YES;
				CLANG_WARN__DUPLICATE_METHOD_MATCH = YES;
				COPY_PHASE_STRIP = NO;
				DEBUG_INFORMATION_FORMAT = "dwarf-with-dsym";
				ENABLE_NS_ASSERTIONS = NO;
				ENABLE_STRICT_OBJC_MSGSEND = YES;
				GCC_C_LANGUAGE_STANDARD = gnu11;
				GCC_NO_COMMON_BLOCKS = YES;
				GCC_WARN_64_TO_32_BIT_CONVERSION = YES;
				GCC_WARN_ABOUT_RETURN_TYPE = YES_ERROR;
				GCC_WARN_UNDECLARED_SELECTOR = YES;
				GCC_WARN_UNINITIALIZED_AUTOS = YES_AGGRESSIVE;
				GCC_WARN_UNUSED_FUNCTION = YES;
				GCC_WARN_UNUSED_VARIABLE = YES;
				IPHONEOS_DEPLOYMENT_TARGET = 15.2;
				MTL_ENABLE_DEBUG_INFO = NO;
				MTL_FAST_MATH = YES;
				SDKROOT = iphoneos;
				SWIFT_COMPILATION_MODE = wholemodule;
				SWIFT_OPTIMIZATION_LEVEL = "-O";
				VALIDATE_PRODUCT = YES;
			};
			name = Release;
		};
		D4C4426827BEA94600068E44 /* Debug */ = {
			isa = XCBuildConfiguration;
			buildSettings = {
				ASSETCATALOG_COMPILER_APPICON_NAME = AppIcon;
				ASSETCATALOG_COMPILER_GLOBAL_ACCENT_COLOR_NAME = AccentColor;
				CODE_SIGN_STYLE = Automatic;
				CURRENT_PROJECT_VERSION = 1;
				DEVELOPMENT_TEAM = 23DK26FW4N;
				GENERATE_INFOPLIST_FILE = YES;
				INFOPLIST_FILE = ExpandCellAtLabel/Info.plist;
				INFOPLIST_KEY_UIApplicationSupportsIndirectInputEvents = YES;
				INFOPLIST_KEY_UILaunchStoryboardName = LaunchScreen;
				INFOPLIST_KEY_UIMainStoryboardFile = Main;
				INFOPLIST_KEY_UISupportedInterfaceOrientations_iPad = "UIInterfaceOrientationPortrait UIInterfaceOrientationPortraitUpsideDown UIInterfaceOrientationLandscapeLeft UIInterfaceOrientationLandscapeRight";
				INFOPLIST_KEY_UISupportedInterfaceOrientations_iPhone = "UIInterfaceOrientationPortrait UIInterfaceOrientationLandscapeLeft UIInterfaceOrientationLandscapeRight";
				LD_RUNPATH_SEARCH_PATHS = (
					"$(inherited)",
					"@executable_path/Frameworks",
				);
				MARKETING_VERSION = 1.0;
				PRODUCT_BUNDLE_IDENTIFIER = com.tuentuenna.ExpandCellAtLabel;
				PRODUCT_NAME = "$(TARGET_NAME)";
				SWIFT_EMIT_LOC_STRINGS = YES;
				SWIFT_VERSION = 5.0;
				TARGETED_DEVICE_FAMILY = "1,2";
			};
			name = Debug;
		};
		D4C4426927BEA94600068E44 /* Release */ = {
			isa = XCBuildConfiguration;
			buildSettings = {
				ASSETCATALOG_COMPILER_APPICON_NAME = AppIcon;
				ASSETCATALOG_COMPILER_GLOBAL_ACCENT_COLOR_NAME = AccentColor;
				CODE_SIGN_STYLE = Automatic;
				CURRENT_PROJECT_VERSION = 1;
				DEVELOPMENT_TEAM = 23DK26FW4N;
				GENERATE_INFOPLIST_FILE = YES;
				INFOPLIST_FILE = ExpandCellAtLabel/Info.plist;
				INFOPLIST_KEY_UIApplicationSupportsIndirectInputEvents = YES;
				INFOPLIST_KEY_UILaunchStoryboardName = LaunchScreen;
				INFOPLIST_KEY_UIMainStoryboardFile = Main;
				INFOPLIST_KEY_UISupportedInterfaceOrientations_iPad = "UIInterfaceOrientationPortrait UIInterfaceOrientationPortraitUpsideDown UIInterfaceOrientationLandscapeLeft UIInterfaceOrientationLandscapeRight";
				INFOPLIST_KEY_UISupportedInterfaceOrientations_iPhone = "UIInterfaceOrientationPortrait UIInterfaceOrientationLandscapeLeft UIInterfaceOrientationLandscapeRight";
				LD_RUNPATH_SEARCH_PATHS = (
					"$(inherited)",
					"@executable_path/Frameworks",
				);
				MARKETING_VERSION = 1.0;
				PRODUCT_BUNDLE_IDENTIFIER = com.tuentuenna.ExpandCellAtLabel;
				PRODUCT_NAME = "$(TARGET_NAME)";
				SWIFT_EMIT_LOC_STRINGS = YES;
				SWIFT_VERSION = 5.0;
				TARGETED_DEVICE_FAMILY = "1,2";
			};
			name = Release;
		};
		D4C4426B27BEA94600068E44 /* Debug */ = {
			isa = XCBuildConfiguration;
			buildSettings = {
				ALWAYS_EMBED_SWIFT_STANDARD_LIBRARIES = YES;
				BUNDLE_LOADER = "$(TEST_HOST)";
				CODE_SIGN_STYLE = Automatic;
				CURRENT_PROJECT_VERSION = 1;
				DEVELOPMENT_TEAM = 23DK26FW4N;
				GENERATE_INFOPLIST_FILE = YES;
				IPHONEOS_DEPLOYMENT_TARGET = 15.2;
				MARKETING_VERSION = 1.0;
				PRODUCT_BUNDLE_IDENTIFIER = com.tuentuenna.ExpandCellAtLabelTests;
				PRODUCT_NAME = "$(TARGET_NAME)";
				SWIFT_EMIT_LOC_STRINGS = NO;
				SWIFT_VERSION = 5.0;
				TARGETED_DEVICE_FAMILY = "1,2";
				TEST_HOST = "$(BUILT_PRODUCTS_DIR)/ExpandCellAtLabel.app/ExpandCellAtLabel";
			};
			name = Debug;
		};
		D4C4426C27BEA94600068E44 /* Release */ = {
			isa = XCBuildConfiguration;
			buildSettings = {
				ALWAYS_EMBED_SWIFT_STANDARD_LIBRARIES = YES;
				BUNDLE_LOADER = "$(TEST_HOST)";
				CODE_SIGN_STYLE = Automatic;
				CURRENT_PROJECT_VERSION = 1;
				DEVELOPMENT_TEAM = 23DK26FW4N;
				GENERATE_INFOPLIST_FILE = YES;
				IPHONEOS_DEPLOYMENT_TARGET = 15.2;
				MARKETING_VERSION = 1.0;
				PRODUCT_BUNDLE_IDENTIFIER = com.tuentuenna.ExpandCellAtLabelTests;
				PRODUCT_NAME = "$(TARGET_NAME)";
				SWIFT_EMIT_LOC_STRINGS = NO;
				SWIFT_VERSION = 5.0;
				TARGETED_DEVICE_FAMILY = "1,2";
				TEST_HOST = "$(BUILT_PRODUCTS_DIR)/ExpandCellAtLabel.app/ExpandCellAtLabel";
			};
			name = Release;
		};
		D4C4426E27BEA94600068E44 /* Debug */ = {
			isa = XCBuildConfiguration;
			buildSettings = {
				ALWAYS_EMBED_SWIFT_STANDARD_LIBRARIES = YES;
				CODE_SIGN_STYLE = Automatic;
				CURRENT_PROJECT_VERSION = 1;
				DEVELOPMENT_TEAM = 23DK26FW4N;
				GENERATE_INFOPLIST_FILE = YES;
				MARKETING_VERSION = 1.0;
				PRODUCT_BUNDLE_IDENTIFIER = com.tuentuenna.ExpandCellAtLabelUITests;
				PRODUCT_NAME = "$(TARGET_NAME)";
				SWIFT_EMIT_LOC_STRINGS = NO;
				SWIFT_VERSION = 5.0;
				TARGETED_DEVICE_FAMILY = "1,2";
				TEST_TARGET_NAME = ExpandCellAtLabel;
			};
			name = Debug;
		};
		D4C4426F27BEA94600068E44 /* Release */ = {
			isa = XCBuildConfiguration;
			buildSettings = {
				ALWAYS_EMBED_SWIFT_STANDARD_LIBRARIES = YES;
				CODE_SIGN_STYLE = Automatic;
				CURRENT_PROJECT_VERSION = 1;
				DEVELOPMENT_TEAM = 23DK26FW4N;
				GENERATE_INFOPLIST_FILE = YES;
				MARKETING_VERSION = 1.0;
				PRODUCT_BUNDLE_IDENTIFIER = com.tuentuenna.ExpandCellAtLabelUITests;
				PRODUCT_NAME = "$(TARGET_NAME)";
				SWIFT_EMIT_LOC_STRINGS = NO;
				SWIFT_VERSION = 5.0;
				TARGETED_DEVICE_FAMILY = "1,2";
				TEST_TARGET_NAME = ExpandCellAtLabel;
			};
			name = Release;
		};
/* End XCBuildConfiguration section */

/* Begin XCConfigurationList section */
		D4C4423827BEA94500068E44 /* Build configuration list for PBXProject "ExpandCellAtLabel" */ = {
			isa = XCConfigurationList;
			buildConfigurations = (
				D4C4426527BEA94600068E44 /* Debug */,
				D4C4426627BEA94600068E44 /* Release */,
			);
			defaultConfigurationIsVisible = 0;
			defaultConfigurationName = Release;
		};
		D4C4426727BEA94600068E44 /* Build configuration list for PBXNativeTarget "ExpandCellAtLabel" */ = {
			isa = XCConfigurationList;
			buildConfigurations = (
				D4C4426827BEA94600068E44 /* Debug */,
				D4C4426927BEA94600068E44 /* Release */,
			);
			defaultConfigurationIsVisible = 0;
			defaultConfigurationName = Release;
		};
		D4C4426A27BEA94600068E44 /* Build configuration list for PBXNativeTarget "ExpandCellAtLabelTests" */ = {
			isa = XCConfigurationList;
			buildConfigurations = (
				D4C4426B27BEA94600068E44 /* Debug */,
				D4C4426C27BEA94600068E44 /* Release */,
			);
			defaultConfigurationIsVisible = 0;
			defaultConfigurationName = Release;
		};
		D4C4426D27BEA94600068E44 /* Build configuration list for PBXNativeTarget "ExpandCellAtLabelUITests" */ = {
			isa = XCConfigurationList;
			buildConfigurations = (
				D4C4426E27BEA94600068E44 /* Debug */,
				D4C4426F27BEA94600068E44 /* Release */,
			);
			defaultConfigurationIsVisible = 0;
			defaultConfigurationName = Release;
		};
/* End XCConfigurationList section */
	};
	rootObject = D4C4423527BEA94500068E44 /* Project object */;
}
