// !$*UTF8*$!
{
	archiveVersion = 1;
	classes = {
	};
	objectVersion = 55;
	objects = {

/* Begin PBXBuildFile section */
		D444D54827877E3300EAF9AE /* AppDelegate.swift in Sources */ = {isa = PBXBuildFile; fileRef = D444D54727877E3300EAF9AE /* AppDelegate.swift */; };
		D444D54A27877E3300EAF9AE /* SceneDelegate.swift in Sources */ = {isa = PBXBuildFile; fileRef = D444D54927877E3300EAF9AE /* SceneDelegate.swift */; };
		D444D54C27877E3300EAF9AE /* ViewController.swift in Sources */ = {isa = PBXBuildFile; fileRef = D444D54B27877E3300EAF9AE /* ViewController.swift */; };
		D444D54F27877E3300EAF9AE /* Main.storyboard in Resources */ = {isa = PBXBuildFile; fileRef = D444D54D27877E3300EAF9AE /* Main.storyboard */; };
		D444D55127877E3400EAF9AE /* Assets.xcassets in Resources */ = {isa = PBXBuildFile; fileRef = D444D55027877E3400EAF9AE /* Assets.xcassets */; };
		D444D55427877E3400EAF9AE /* LaunchScreen.storyboard in Resources */ = {isa = PBXBuildFile; fileRef = D444D55227877E3400EAF9AE /* LaunchScreen.storyboard */; };
		D444D55F27877E3400EAF9AE /* MovieAppTests.swift in Sources */ = {isa = PBXBuildFile; fileRef = D444D55E27877E3400EAF9AE /* MovieAppTests.swift */; };
		D444D56927877E3400EAF9AE /* MovieAppUITests.swift in Sources */ = {isa = PBXBuildFile; fileRef = D444D56827877E3400EAF9AE /* MovieAppUITests.swift */; };
		D444D56B27877E3400EAF9AE /* MovieAppUITestsLaunchTests.swift in Sources */ = {isa = PBXBuildFile; fileRef = D444D56A27877E3400EAF9AE /* MovieAppUITestsLaunchTests.swift */; };
		D444D5782787817700EAF9AE /* MovieCell.swift in Sources */ = {isa = PBXBuildFile; fileRef = D444D5772787817700EAF9AE /* MovieCell.swift */; };
		D444D57A2788819700EAF9AE /* MovieModel.swift in Sources */ = {isa = PBXBuildFile; fileRef = D444D5792788819700EAF9AE /* MovieModel.swift */; };
		D444D57C278985E500EAF9AE /* DetailViewController.swift in Sources */ = {isa = PBXBuildFile; fileRef = D444D57B278985E500EAF9AE /* DetailViewController.swift */; };
		D444D57E278985F700EAF9AE /* DetailViewController.storyboard in Resources */ = {isa = PBXBuildFile; fileRef = D444D57D278985F700EAF9AE /* DetailViewController.storyboard */; };
		D444D58027899EDF00EAF9AE /* NetworkLayer.swift in Sources */ = {isa = PBXBuildFile; fileRef = D444D57F27899EDF00EAF9AE /* NetworkLayer.swift */; };
/* End PBXBuildFile section */

/* Begin PBXContainerItemProxy section */
		D444D55B27877E3400EAF9AE /* PBXContainerItemProxy */ = {
			isa = PBXContainerItemProxy;
			containerPortal = D444D53C27877E3300EAF9AE /* Project object */;
			proxyType = 1;
			remoteGlobalIDString = D444D54327877E3300EAF9AE;
			remoteInfo = MovieApp;
		};
		D444D56527877E3400EAF9AE /* PBXContainerItemProxy */ = {
			isa = PBXContainerItemProxy;
			containerPortal = D444D53C27877E3300EAF9AE /* Project object */;
			proxyType = 1;
			remoteGlobalIDString = D444D54327877E3300EAF9AE;
			remoteInfo = MovieApp;
		};
/* End PBXContainerItemProxy section */

/* Begin PBXFileReference section */
		D444D54427877E3300EAF9AE /* MovieApp.app */ = {isa = PBXFileReference; explicitFileType = wrapper.application; includeInIndex = 0; path = MovieApp.app; sourceTree = BUILT_PRODUCTS_DIR; };
		D444D54727877E3300EAF9AE /* AppDelegate.swift */ = {isa = PBXFileReference; lastKnownFileType = sourcecode.swift; path = AppDelegate.swift; sourceTree = "<group>"; };
		D444D54927877E3300EAF9AE /* SceneDelegate.swift */ = {isa = PBXFileReference; lastKnownFileType = sourcecode.swift; path = SceneDelegate.swift; sourceTree = "<group>"; };
		D444D54B27877E3300EAF9AE /* ViewController.swift */ = {isa = PBXFileReference; lastKnownFileType = sourcecode.swift; path = ViewController.swift; sourceTree = "<group>"; };
		D444D54E27877E3300EAF9AE /* Base */ = {isa = PBXFileReference; lastKnownFileType = file.storyboard; name = Base; path = Base.lproj/Main.storyboard; sourceTree = "<group>"; };
		D444D55027877E3400EAF9AE /* Assets.xcassets */ = {isa = PBXFileReference; lastKnownFileType = folder.assetcatalog; path = Assets.xcassets; sourceTree = "<group>"; };
		D444D55327877E3400EAF9AE /* Base */ = {isa = PBXFileReference; lastKnownFileType = file.storyboard; name = Base; path = Base.lproj/LaunchScreen.storyboard; sourceTree = "<group>"; };
		D444D55527877E3400EAF9AE /* Info.plist */ = {isa = PBXFileReference; lastKnownFileType = text.plist.xml; path = Info.plist; sourceTree = "<group>"; };
		D444D55A27877E3400EAF9AE /* MovieAppTests.xctest */ = {isa = PBXFileReference; explicitFileType = wrapper.cfbundle; includeInIndex = 0; path = MovieAppTests.xctest; sourceTree = BUILT_PRODUCTS_DIR; };
		D444D55E27877E3400EAF9AE /* MovieAppTests.swift */ = {isa = PBXFileReference; lastKnownFileType = sourcecode.swift; path = MovieAppTests.swift; sourceTree = "<group>"; };
		D444D56427877E3400EAF9AE /* MovieAppUITests.xctest */ = {isa = PBXFileReference; explicitFileType = wrapper.cfbundle; includeInIndex = 0; path = MovieAppUITests.xctest; sourceTree = BUILT_PRODUCTS_DIR; };
		D444D56827877E3400EAF9AE /* MovieAppUITests.swift */ = {isa = PBXFileReference; lastKnownFileType = sourcecode.swift; path = MovieAppUITests.swift; sourceTree = "<group>"; };
		D444D56A27877E3400EAF9AE /* MovieAppUITestsLaunchTests.swift */ = {isa = PBXFileReference; lastKnownFileType = sourcecode.swift; path = MovieAppUITestsLaunchTests.swift; sourceTree = "<group>"; };
		D444D5772787817700EAF9AE /* MovieCell.swift */ = {isa = PBXFileReference; lastKnownFileType = sourcecode.swift; path = MovieCell.swift; sourceTree = "<group>"; };
		D444D5792788819700EAF9AE /* MovieModel.swift */ = {isa = PBXFileReference; lastKnownFileType = sourcecode.swift; path = MovieModel.swift; sourceTree = "<group>"; };
		D444D57B278985E500EAF9AE /* DetailViewController.swift */ = {isa = PBXFileReference; lastKnownFileType = sourcecode.swift; path = DetailViewController.swift; sourceTree = "<group>"; };
		D444D57D278985F700EAF9AE /* DetailViewController.storyboard */ = {isa = PBXFileReference; lastKnownFileType = file.storyboard; path = DetailViewController.storyboard; sourceTree = "<group>"; };
		D444D57F27899EDF00EAF9AE /* NetworkLayer.swift */ = {isa = PBXFileReference; lastKnownFileType = sourcecode.swift; path = NetworkLayer.swift; sourceTree = "<group>"; };
/* End PBXFileReference section */

/* Begin PBXFrameworksBuildPhase section */
		D444D54127877E3300EAF9AE /* Frameworks */ = {
			isa = PBXFrameworksBuildPhase;
			buildActionMask = 2147483647;
			files = (
			);
			runOnlyForDeploymentPostprocessing = 0;
		};
		D444D55727877E3400EAF9AE /* Frameworks */ = {
			isa = PBXFrameworksBuildPhase;
			buildActionMask = 2147483647;
			files = (
			);
			runOnlyForDeploymentPostprocessing = 0;
		};
		D444D56127877E3400EAF9AE /* Frameworks */ = {
			isa = PBXFrameworksBuildPhase;
			buildActionMask = 2147483647;
			files = (
			);
			runOnlyForDeploymentPostprocessing = 0;
		};
/* End PBXFrameworksBuildPhase section */

/* Begin PBXGroup section */
		D444D53B27877E3300EAF9AE = {
			isa = PBXGroup;
			children = (
				D444D54627877E3300EAF9AE /* MovieApp */,
				D444D55D27877E3400EAF9AE /* MovieAppTests */,
				D444D56727877E3400EAF9AE /* MovieAppUITests */,
				D444D54527877E3300EAF9AE /* Products */,
			);
			sourceTree = "<group>";
		};
		D444D54527877E3300EAF9AE /* Products */ = {
			isa = PBXGroup;
			children = (
				D444D54427877E3300EAF9AE /* MovieApp.app */,
				D444D55A27877E3400EAF9AE /* MovieAppTests.xctest */,
				D444D56427877E3400EAF9AE /* MovieAppUITests.xctest */,
			);
			name = Products;
			sourceTree = "<group>";
		};
		D444D54627877E3300EAF9AE /* MovieApp */ = {
			isa = PBXGroup;
			children = (
				D444D54727877E3300EAF9AE /* AppDelegate.swift */,
				D444D54927877E3300EAF9AE /* SceneDelegate.swift */,
				D444D54B27877E3300EAF9AE /* ViewController.swift */,
				D444D5792788819700EAF9AE /* MovieModel.swift */,
				D444D57B278985E500EAF9AE /* DetailViewController.swift */,
				D444D57D278985F700EAF9AE /* DetailViewController.storyboard */,
				D444D54D27877E3300EAF9AE /* Main.storyboard */,
				D444D55027877E3400EAF9AE /* Assets.xcassets */,
				D444D5772787817700EAF9AE /* MovieCell.swift */,
				D444D57F27899EDF00EAF9AE /* NetworkLayer.swift */,
				D444D55227877E3400EAF9AE /* LaunchScreen.storyboard */,
				D444D55527877E3400EAF9AE /* Info.plist */,
			);
			path = MovieApp;
			sourceTree = "<group>";
		};
		D444D55D27877E3400EAF9AE /* MovieAppTests */ = {
			isa = PBXGroup;
			children = (
				D444D55E27877E3400EAF9AE /* MovieAppTests.swift */,
			);
			path = MovieAppTests;
			sourceTree = "<group>";
		};
		D444D56727877E3400EAF9AE /* MovieAppUITests */ = {
			isa = PBXGroup;
			children = (
				D444D56827877E3400EAF9AE /* MovieAppUITests.swift */,
				D444D56A27877E3400EAF9AE /* MovieAppUITestsLaunchTests.swift */,
			);
			path = MovieAppUITests;
			sourceTree = "<group>";
		};
/* End PBXGroup section */

/* Begin PBXNativeTarget section */
		D444D54327877E3300EAF9AE /* MovieApp */ = {
			isa = PBXNativeTarget;
			buildConfigurationList = D444D56E27877E3400EAF9AE /* Build configuration list for PBXNativeTarget "MovieApp" */;
			buildPhases = (
				D444D54027877E3300EAF9AE /* Sources */,
				D444D54127877E3300EAF9AE /* Frameworks */,
				D444D54227877E3300EAF9AE /* Resources */,
			);
			buildRules = (
			);
			dependencies = (
			);
			name = MovieApp;
			productName = MovieApp;
			productReference = D444D54427877E3300EAF9AE /* MovieApp.app */;
			productType = "com.apple.product-type.application";
		};
		D444D55927877E3400EAF9AE /* MovieAppTests */ = {
			isa = PBXNativeTarget;
			buildConfigurationList = D444D57127877E3400EAF9AE /* Build configuration list for PBXNativeTarget "MovieAppTests" */;
			buildPhases = (
				D444D55627877E3400EAF9AE /* Sources */,
				D444D55727877E3400EAF9AE /* Frameworks */,
				D444D55827877E3400EAF9AE /* Resources */,
			);
			buildRules = (
			);
			dependencies = (
				D444D55C27877E3400EAF9AE /* PBXTargetDependency */,
			);
			name = MovieAppTests;
			productName = MovieAppTests;
			productReference = D444D55A27877E3400EAF9AE /* MovieAppTests.xctest */;
			productType = "com.apple.product-type.bundle.unit-test";
		};
		D444D56327877E3400EAF9AE /* MovieAppUITests */ = {
			isa = PBXNativeTarget;
			buildConfigurationList = D444D57427877E3400EAF9AE /* Build configuration list for PBXNativeTarget "MovieAppUITests" */;
			buildPhases = (
				D444D56027877E3400EAF9AE /* Sources */,
				D444D56127877E3400EAF9AE /* Frameworks */,
				D444D56227877E3400EAF9AE /* Resources */,
			);
			buildRules = (
			);
			dependencies = (
				D444D56627877E3400EAF9AE /* PBXTargetDependency */,
			);
			name = MovieAppUITests;
			productName = MovieAppUITests;
			productReference = D444D56427877E3400EAF9AE /* MovieAppUITests.xctest */;
			productType = "com.apple.product-type.bundle.ui-testing";
		};
/* End PBXNativeTarget section */

/* Begin PBXProject section */
		D444D53C27877E3300EAF9AE /* Project object */ = {
			isa = PBXProject;
			attributes = {
				BuildIndependentTargetsInParallel = 1;
				LastSwiftUpdateCheck = 1310;
				LastUpgradeCheck = 1310;
				TargetAttributes = {
					D444D54327877E3300EAF9AE = {
						CreatedOnToolsVersion = 13.1;
					};
					D444D55927877E3400EAF9AE = {
						CreatedOnToolsVersion = 13.1;
						TestTargetID = D444D54327877E3300EAF9AE;
					};
					D444D56327877E3400EAF9AE = {
						CreatedOnToolsVersion = 13.1;
						TestTargetID = D444D54327877E3300EAF9AE;
					};
				};
			};
			buildConfigurationList = D444D53F27877E3300EAF9AE /* Build configuration list for PBXProject "MovieApp" */;
			compatibilityVersion = "Xcode 13.0";
			developmentRegion = en;
			hasScannedForEncodings = 0;
			knownRegions = (
				en,
				Base,
			);
			mainGroup = D444D53B27877E3300EAF9AE;
			productRefGroup = D444D54527877E3300EAF9AE /* Products */;
			projectDirPath = "";
			projectRoot = "";
			targets = (
				D444D54327877E3300EAF9AE /* MovieApp */,
				D444D55927877E3400EAF9AE /* MovieAppTests */,
				D444D56327877E3400EAF9AE /* MovieAppUITests */,
			);
		};
/* End PBXProject section */

/* Begin PBXResourcesBuildPhase section */
		D444D54227877E3300EAF9AE /* Resources */ = {
			isa = PBXResourcesBuildPhase;
			buildActionMask = 2147483647;
			files = (
				D444D57E278985F700EAF9AE /* DetailViewController.storyboard in Resources */,
				D444D55427877E3400EAF9AE /* LaunchScreen.storyboard in Resources */,
				D444D55127877E3400EAF9AE /* Assets.xcassets in Resources */,
				D444D54F27877E3300EAF9AE /* Main.storyboard in Resources */,
			);
			runOnlyForDeploymentPostprocessing = 0;
		};
		D444D55827877E3400EAF9AE /* Resources */ = {
			isa = PBXResourcesBuildPhase;
			buildActionMask = 2147483647;
			files = (
			);
			runOnlyForDeploymentPostprocessing = 0;
		};
		D444D56227877E3400EAF9AE /* Resources */ = {
			isa = PBXResourcesBuildPhase;
			buildActionMask = 2147483647;
			files = (
			);
			runOnlyForDeploymentPostprocessing = 0;
		};
/* End PBXResourcesBuildPhase section */

/* Begin PBXSourcesBuildPhase section */
		D444D54027877E3300EAF9AE /* Sources */ = {
			isa = PBXSourcesBuildPhase;
			buildActionMask = 2147483647;
			files = (
				D444D58027899EDF00EAF9AE /* NetworkLayer.swift in Sources */,
				D444D54C27877E3300EAF9AE /* ViewController.swift in Sources */,
				D444D54827877E3300EAF9AE /* AppDelegate.swift in Sources */,
				D444D57A2788819700EAF9AE /* MovieModel.swift in Sources */,
				D444D57C278985E500EAF9AE /* DetailViewController.swift in Sources */,
				D444D5782787817700EAF9AE /* MovieCell.swift in Sources */,
				D444D54A27877E3300EAF9AE /* SceneDelegate.swift in Sources */,
			);
			runOnlyForDeploymentPostprocessing = 0;
		};
		D444D55627877E3400EAF9AE /* Sources */ = {
			isa = PBXSourcesBuildPhase;
			buildActionMask = 2147483647;
			files = (
				D444D55F27877E3400EAF9AE /* MovieAppTests.swift in Sources */,
			);
			runOnlyForDeploymentPostprocessing = 0;
		};
		D444D56027877E3400EAF9AE /* Sources */ = {
			isa = PBXSourcesBuildPhase;
			buildActionMask = 2147483647;
			files = (
				D444D56B27877E3400EAF9AE /* MovieAppUITestsLaunchTests.swift in Sources */,
				D444D56927877E3400EAF9AE /* MovieAppUITests.swift in Sources */,
			);
			runOnlyForDeploymentPostprocessing = 0;
		};
/* End PBXSourcesBuildPhase section */

/* Begin PBXTargetDependency section */
		D444D55C27877E3400EAF9AE /* PBXTargetDependency */ = {
			isa = PBXTargetDependency;
			target = D444D54327877E3300EAF9AE /* MovieApp */;
			targetProxy = D444D55B27877E3400EAF9AE /* PBXContainerItemProxy */;
		};
		D444D56627877E3400EAF9AE /* PBXTargetDependency */ = {
			isa = PBXTargetDependency;
			target = D444D54327877E3300EAF9AE /* MovieApp */;
			targetProxy = D444D56527877E3400EAF9AE /* PBXContainerItemProxy */;
		};
/* End PBXTargetDependency section */

/* Begin PBXVariantGroup section */
		D444D54D27877E3300EAF9AE /* Main.storyboard */ = {
			isa = PBXVariantGroup;
			children = (
				D444D54E27877E3300EAF9AE /* Base */,
			);
			name = Main.storyboard;
			sourceTree = "<group>";
		};
		D444D55227877E3400EAF9AE /* LaunchScreen.storyboard */ = {
			isa = PBXVariantGroup;
			children = (
				D444D55327877E3400EAF9AE /* Base */,
			);
			name = LaunchScreen.storyboard;
			sourceTree = "<group>";
		};
/* End PBXVariantGroup section */

/* Begin XCBuildConfiguration section */
		D444D56C27877E3400EAF9AE /* Debug */ = {
			isa = XCBuildConfiguration;
			buildSettings = {
				ALWAYS_SEARCH_USER_PATHS = NO;
				CLANG_ANALYZER_NONNULL = YES;
				CLANG_ANALYZER_NUMBER_OBJECT_CONVERSION = YES_AGGRESSIVE;
				CLANG_CXX_LANGUAGE_STANDARD = "gnu++17";
				CLANG_CXX_LIBRARY = "libc++";
				CLANG_ENABLE_MODULES = YES;
				CLANG_ENABLE_OBJC_ARC = YES;
				CLANG_ENABLE_OBJC_WEAK = YES;
				CLANG_WARN_BLOCK_CAPTURE_AUTORELEASING = YES;
				CLANG_WARN_BOOL_CONVERSION = YES;
				CLANG_WARN_COMMA = YES;
				CLANG_WARN_CONSTANT_CONVERSION = YES;
				CLANG_WARN_DEPRECATED_OBJC_IMPLEMENTATIONS = YES;
				CLANG_WARN_DIRECT_OBJC_ISA_USAGE = YES_ERROR;
				CLANG_WARN_DOCUMENTATION_COMMENTS = YES;
				CLANG_WARN_EMPTY_BODY = YES;
				CLANG_WARN_ENUM_CONVERSION = YES;
				CLANG_WARN_INFINITE_RECURSION = YES;
				CLANG_WARN_INT_CONVERSION = YES;
				CLANG_WARN_NON_LITERAL_NULL_CONVERSION = YES;
				CLANG_WARN_OBJC_IMPLICIT_RETAIN_SELF = YES;
				CLANG_WARN_OBJC_LITERAL_CONVERSION = YES;
				CLANG_WARN_OBJC_ROOT_CLASS = YES_ERROR;
				CLANG_WARN_QUOTED_INCLUDE_IN_FRAMEWORK_HEADER = YES;
				CLANG_WARN_RANGE_LOOP_ANALYSIS = YES;
				CLANG_WARN_STRICT_PROTOTYPES = YES;
				CLANG_WARN_SUSPICIOUS_MOVE = YES;
				CLANG_WARN_UNGUARDED_AVAILABILITY = YES_AGGRESSIVE;
				CLANG_WARN_UNREACHABLE_CODE = YES;
				CLANG_WARN__DUPLICATE_METHOD_MATCH = YES;
				COPY_PHASE_STRIP = NO;
				DEBUG_INFORMATION_FORMAT = dwarf;
				ENABLE_STRICT_OBJC_MSGSEND = YES;
				ENABLE_TESTABILITY = YES;
				GCC_C_LANGUAGE_STANDARD = gnu11;
				GCC_DYNAMIC_NO_PIC = NO;
				GCC_NO_COMMON_BLOCKS = YES;
				GCC_OPTIMIZATION_LEVEL = 0;
				GCC_PREPROCESSOR_DEFINITIONS = (
					"DEBUG=1",
					"$(inherited)",
				);
				GCC_WARN_64_TO_32_BIT_CONVERSION = YES;
				GCC_WARN_ABOUT_RETURN_TYPE = YES_ERROR;
				GCC_WARN_UNDECLARED_SELECTOR = YES;
				GCC_WARN_UNINITIALIZED_AUTOS = YES_AGGRESSIVE;
				GCC_WARN_UNUSED_FUNCTION = YES;
				GCC_WARN_UNUSED_VARIABLE = YES;
				IPHONEOS_DEPLOYMENT_TARGET = 15.0;
				MTL_ENABLE_DEBUG_INFO = INCLUDE_SOURCE;
				MTL_FAST_MATH = YES;
				ONLY_ACTIVE_ARCH = YES;
				SDKROOT = iphoneos;
				SWIFT_ACTIVE_COMPILATION_CONDITIONS = DEBUG;
				SWIFT_OPTIMIZATION_LEVEL = "-Onone";
			};
			name = Debug;
		};
		D444D56D27877E3400EAF9AE /* Release */ = {
			isa = XCBuildConfiguration;
			buildSettings = {
				ALWAYS_SEARCH_USER_PATHS = NO;
				CLANG_ANALYZER_NONNULL = YES;
				CLANG_ANALYZER_NUMBER_OBJECT_CONVERSION = YES_AGGRESSIVE;
				CLANG_CXX_LANGUAGE_STANDARD = "gnu++17";
				CLANG_CXX_LIBRARY = "libc++";
				CLANG_ENABLE_MODULES = YES;
				CLANG_ENABLE_OBJC_ARC = YES;
				CLANG_ENABLE_OBJC_WEAK = YES;
				CLANG_WARN_BLOCK_CAPTURE_AUTORELEASING = YES;
				CLANG_WARN_BOOL_CONVERSION = YES;
				CLANG_WARN_COMMA = YES;
				CLANG_WARN_CONSTANT_CONVERSION = YES;
				CLANG_WARN_DEPRECATED_OBJC_IMPLEMENTATIONS = YES;
				CLANG_WARN_DIRECT_OBJC_ISA_USAGE = YES_ERROR;
				CLANG_WARN_DOCUMENTATION_COMMENTS = YES;
				CLANG_WARN_EMPTY_BODY = YES;
				CLANG_WARN_ENUM_CONVERSION = YES;
				CLANG_WARN_INFINITE_RECURSION = YES;
				CLANG_WARN_INT_CONVERSION = YES;
				CLANG_WARN_NON_LITERAL_NULL_CONVERSION = YES;
				CLANG_WARN_OBJC_IMPLICIT_RETAIN_SELF = YES;
				CLANG_WARN_OBJC_LITERAL_CONVERSION = YES;
				CLANG_WARN_OBJC_ROOT_CLASS = YES_ERROR;
				CLANG_WARN_QUOTED_INCLUDE_IN_FRAMEWORK_HEADER = YES;
				CLANG_WARN_RANGE_LOOP_ANALYSIS = YES;
				CLANG_WARN_STRICT_PROTOTYPES = YES;
				CLANG_WARN_SUSPICIOUS_MOVE = YES;
				CLANG_WARN_UNGUARDED_AVAILABILITY = YES_AGGRESSIVE;
				CLANG_WARN_UNREACHABLE_CODE = YES;
				CLANG_WARN__DUPLICATE_METHOD_MATCH = YES;
				COPY_PHASE_STRIP = NO;
				DEBUG_INFORMATION_FORMAT = "dwarf-with-dsym";
				ENABLE_NS_ASSERTIONS = NO;
				ENABLE_STRICT_OBJC_MSGSEND = YES;
				GCC_C_LANGUAGE_STANDARD = gnu11;
				GCC_NO_COMMON_BLOCKS = YES;
				GCC_WARN_64_TO_32_BIT_CONVERSION = YES;
				GCC_WARN_ABOUT_RETURN_TYPE = YES_ERROR;
				GCC_WARN_UNDECLARED_SELECTOR = YES;
				GCC_WARN_UNINITIALIZED_AUTOS = YES_AGGRESSIVE;
				GCC_WARN_UNUSED_FUNCTION = YES;
				GCC_WARN_UNUSED_VARIABLE = YES;
				IPHONEOS_DEPLOYMENT_TARGET = 15.0;
				MTL_ENABLE_DEBUG_INFO = NO;
				MTL_FAST_MATH = YES;
				SDKROOT = iphoneos;
				SWIFT_COMPILATION_MODE = wholemodule;
				SWIFT_OPTIMIZATION_LEVEL = "-O";
				VALIDATE_PRODUCT = YES;
			};
			name = Release;
		};
		D444D56F27877E3400EAF9AE /* Debug */ = {
			isa = XCBuildConfiguration;
			buildSettings = {
				ASSETCATALOG_COMPILER_APPICON_NAME = AppIcon;
				ASSETCATALOG_COMPILER_GLOBAL_ACCENT_COLOR_NAME = AccentColor;
				CODE_SIGN_STYLE = Automatic;
				CURRENT_PROJECT_VERSION = 1;
				DEVELOPMENT_TEAM = 23DK26FW4N;
				GENERATE_INFOPLIST_FILE = YES;
				INFOPLIST_FILE = MovieApp/Info.plist;
				INFOPLIST_KEY_UIApplicationSupportsIndirectInputEvents = YES;
				INFOPLIST_KEY_UILaunchStoryboardName = LaunchScreen;
				INFOPLIST_KEY_UIMainStoryboardFile = Main;
				INFOPLIST_KEY_UISupportedInterfaceOrientations_iPad = "UIInterfaceOrientationPortrait UIInterfaceOrientationPortraitUpsideDown UIInterfaceOrientationLandscapeLeft UIInterfaceOrientationLandscapeRight";
				INFOPLIST_KEY_UISupportedInterfaceOrientations_iPhone = "UIInterfaceOrientationPortrait UIInterfaceOrientationLandscapeLeft UIInterfaceOrientationLandscapeRight";
				LD_RUNPATH_SEARCH_PATHS = (
					"$(inherited)",
					"@executable_path/Frameworks",
				);
				MARKETING_VERSION = 1.0;
				PRODUCT_BUNDLE_IDENTIFIER = com.tuentuenna.MovieApp;
				PRODUCT_NAME = "$(TARGET_NAME)";
				SWIFT_EMIT_LOC_STRINGS = YES;
				SWIFT_VERSION = 5.0;
				TARGETED_DEVICE_FAMILY = "1,2";
			};
			name = Debug;
		};
		D444D57027877E3400EAF9AE /* Release */ = {
			isa = XCBuildConfiguration;
			buildSettings = {
				ASSETCATALOG_COMPILER_APPICON_NAME = AppIcon;
				ASSETCATALOG_COMPILER_GLOBAL_ACCENT_COLOR_NAME = AccentColor;
				CODE_SIGN_STYLE = Automatic;
				CURRENT_PROJECT_VERSION = 1;
				DEVELOPMENT_TEAM = 23DK26FW4N;
				GENERATE_INFOPLIST_FILE = YES;
				INFOPLIST_FILE = MovieApp/Info.plist;
				INFOPLIST_KEY_UIApplicationSupportsIndirectInputEvents = YES;
				INFOPLIST_KEY_UILaunchStoryboardName = LaunchScreen;
				INFOPLIST_KEY_UIMainStoryboardFile = Main;
				INFOPLIST_KEY_UISupportedInterfaceOrientations_iPad = "UIInterfaceOrientationPortrait UIInterfaceOrientationPortraitUpsideDown UIInterfaceOrientationLandscapeLeft UIInterfaceOrientationLandscapeRight";
				INFOPLIST_KEY_UISupportedInterfaceOrientations_iPhone = "UIInterfaceOrientationPortrait UIInterfaceOrientationLandscapeLeft UIInterfaceOrientationLandscapeRight";
				LD_RUNPATH_SEARCH_PATHS = (
					"$(inherited)",
					"@executable_path/Frameworks",
				);
				MARKETING_VERSION = 1.0;
				PRODUCT_BUNDLE_IDENTIFIER = com.tuentuenna.MovieApp;
				PRODUCT_NAME = "$(TARGET_NAME)";
				SWIFT_EMIT_LOC_STRINGS = YES;
				SWIFT_VERSION = 5.0;
				TARGETED_DEVICE_FAMILY = "1,2";
			};
			name = Release;
		};
		D444D57227877E3400EAF9AE /* Debug */ = {
			isa = XCBuildConfiguration;
			buildSettings = {
				ALWAYS_EMBED_SWIFT_STANDARD_LIBRARIES = YES;
				BUNDLE_LOADER = "$(TEST_HOST)";
				CODE_SIGN_STYLE = Automatic;
				CURRENT_PROJECT_VERSION = 1;
				DEVELOPMENT_TEAM = 23DK26FW4N;
				GENERATE_INFOPLIST_FILE = YES;
				IPHONEOS_DEPLOYMENT_TARGET = 15.0;
				LD_RUNPATH_SEARCH_PATHS = (
					"$(inherited)",
					"@executable_path/Frameworks",
					"@loader_path/Frameworks",
				);
				MARKETING_VERSION = 1.0;
				PRODUCT_BUNDLE_IDENTIFIER = com.tuentuenna.MovieAppTests;
				PRODUCT_NAME = "$(TARGET_NAME)";
				SWIFT_EMIT_LOC_STRINGS = NO;
				SWIFT_VERSION = 5.0;
				TARGETED_DEVICE_FAMILY = "1,2";
				TEST_HOST = "$(BUILT_PRODUCTS_DIR)/MovieApp.app/MovieApp";
			};
			name = Debug;
		};
		D444D57327877E3400EAF9AE /* Release */ = {
			isa = XCBuildConfiguration;
			buildSettings = {
				ALWAYS_EMBED_SWIFT_STANDARD_LIBRARIES = YES;
				BUNDLE_LOADER = "$(TEST_HOST)";
				CODE_SIGN_STYLE = Automatic;
				CURRENT_PROJECT_VERSION = 1;
				DEVELOPMENT_TEAM = 23DK26FW4N;
				GENERATE_INFOPLIST_FILE = YES;
				IPHONEOS_DEPLOYMENT_TARGET = 15.0;
				LD_RUNPATH_SEARCH_PATHS = (
					"$(inherited)",
					"@executable_path/Frameworks",
					"@loader_path/Frameworks",
				);
				MARKETING_VERSION = 1.0;
				PRODUCT_BUNDLE_IDENTIFIER = com.tuentuenna.MovieAppTests;
				PRODUCT_NAME = "$(TARGET_NAME)";
				SWIFT_EMIT_LOC_STRINGS = NO;
				SWIFT_VERSION = 5.0;
				TARGETED_DEVICE_FAMILY = "1,2";
				TEST_HOST = "$(BUILT_PRODUCTS_DIR)/MovieApp.app/MovieApp";
			};
			name = Release;
		};
		D444D57527877E3400EAF9AE /* Debug */ = {
			isa = XCBuildConfiguration;
			buildSettings = {
				ALWAYS_EMBED_SWIFT_STANDARD_LIBRARIES = YES;
				CODE_SIGN_STYLE = Automatic;
				CURRENT_PROJECT_VERSION = 1;
				DEVELOPMENT_TEAM = 23DK26FW4N;
				GENERATE_INFOPLIST_FILE = YES;
				LD_RUNPATH_SEARCH_PATHS = (
					"$(inherited)",
					"@executable_path/Frameworks",
					"@loader_path/Frameworks",
				);
				MARKETING_VERSION = 1.0;
				PRODUCT_BUNDLE_IDENTIFIER = com.tuentuenna.MovieAppUITests;
				PRODUCT_NAME = "$(TARGET_NAME)";
				SWIFT_EMIT_LOC_STRINGS = NO;
				SWIFT_VERSION = 5.0;
				TARGETED_DEVICE_FAMILY = "1,2";
				TEST_TARGET_NAME = MovieApp;
			};
			name = Debug;
		};
		D444D57627877E3400EAF9AE /* Release */ = {
			isa = XCBuildConfiguration;
			buildSettings = {
				ALWAYS_EMBED_SWIFT_STANDARD_LIBRARIES = YES;
				CODE_SIGN_STYLE = Automatic;
				CURRENT_PROJECT_VERSION = 1;
				DEVELOPMENT_TEAM = 23DK26FW4N;
				GENERATE_INFOPLIST_FILE = YES;
				LD_RUNPATH_SEARCH_PATHS = (
					"$(inherited)",
					"@executable_path/Frameworks",
					"@loader_path/Frameworks",
				);
				MARKETING_VERSION = 1.0;
				PRODUCT_BUNDLE_IDENTIFIER = com.tuentuenna.MovieAppUITests;
				PRODUCT_NAME = "$(TARGET_NAME)";
				SWIFT_EMIT_LOC_STRINGS = NO;
				SWIFT_VERSION = 5.0;
				TARGETED_DEVICE_FAMILY = "1,2";
				TEST_TARGET_NAME = MovieApp;
			};
			name = Release;
		};
/* End XCBuildConfiguration section */

/* Begin XCConfigurationList section */
		D444D53F27877E3300EAF9AE /* Build configuration list for PBXProject "MovieApp" */ = {
			isa = XCConfigurationList;
			buildConfigurations = (
				D444D56C27877E3400EAF9AE /* Debug */,
				D444D56D27877E3400EAF9AE /* Release */,
			);
			defaultConfigurationIsVisible = 0;
			defaultConfigurationName = Release;
		};
		D444D56E27877E3400EAF9AE /* Build configuration list for PBXNativeTarget "MovieApp" */ = {
			isa = XCConfigurationList;
			buildConfigurations = (
				D444D56F27877E3400EAF9AE /* Debug */,
				D444D57027877E3400EAF9AE /* Release */,
			);
			defaultConfigurationIsVisible = 0;
			defaultConfigurationName = Release;
		};
		D444D57127877E3400EAF9AE /* Build configuration list for PBXNativeTarget "MovieAppTests" */ = {
			isa = XCConfigurationList;
			buildConfigurations = (
				D444D57227877E3400EAF9AE /* Debug */,
				D444D57327877E3400EAF9AE /* Release */,
			);
			defaultConfigurationIsVisible = 0;
			defaultConfigurationName = Release;
		};
		D444D57427877E3400EAF9AE /* Build configuration list for PBXNativeTarget "MovieAppUITests" */ = {
			isa = XCConfigurationList;
			buildConfigurations = (
				D444D57527877E3400EAF9AE /* Debug */,
				D444D57627877E3400EAF9AE /* Release */,
			);
			defaultConfigurationIsVisible = 0;
			defaultConfigurationName = Release;
		};
/* End XCConfigurationList section */
	};
	rootObject = D444D53C27877E3300EAF9AE /* Project object */;
}
