// !$*UTF8*$!
{
	archiveVersion = 1;
	classes = {
	};
	objectVersion = 55;
	objects = {

/* Begin PBXBuildFile section */
		D444D58E27916F0B00EAF9AE /* AppDelegate.swift in Sources */ = {isa = PBXBuildFile; fileRef = D444D58D27916F0B00EAF9AE /* AppDelegate.swift */; };
		D444D59027916F0B00EAF9AE /* SceneDelegate.swift in Sources */ = {isa = PBXBuildFile; fileRef = D444D58F27916F0B00EAF9AE /* SceneDelegate.swift */; };
		D444D59227916F0B00EAF9AE /* ViewController.swift in Sources */ = {isa = PBXBuildFile; fileRef = D444D59127916F0B00EAF9AE /* ViewController.swift */; };
		D444D59527916F0B00EAF9AE /* Main.storyboard in Resources */ = {isa = PBXBuildFile; fileRef = D444D59327916F0B00EAF9AE /* Main.storyboard */; };
		D444D59827916F0B00EAF9AE /* TodoList.xcdatamodeld in Sources */ = {isa = PBXBuildFile; fileRef = D444D59627916F0B00EAF9AE /* TodoList.xcdatamodeld */; };
		D444D59A27916F0C00EAF9AE /* Assets.xcassets in Resources */ = {isa = PBXBuildFile; fileRef = D444D59927916F0C00EAF9AE /* Assets.xcassets */; };
		D444D59D27916F0C00EAF9AE /* LaunchScreen.storyboard in Resources */ = {isa = PBXBuildFile; fileRef = D444D59B27916F0C00EAF9AE /* LaunchScreen.storyboard */; };
		D444D5A827916F0C00EAF9AE /* TodoListTests.swift in Sources */ = {isa = PBXBuildFile; fileRef = D444D5A727916F0C00EAF9AE /* TodoListTests.swift */; };
		D444D5B227916F0C00EAF9AE /* TodoListUITests.swift in Sources */ = {isa = PBXBuildFile; fileRef = D444D5B127916F0C00EAF9AE /* TodoListUITests.swift */; };
		D444D5B427916F0C00EAF9AE /* TodoListUITestsLaunchTests.swift in Sources */ = {isa = PBXBuildFile; fileRef = D444D5B327916F0C00EAF9AE /* TodoListUITestsLaunchTests.swift */; };
		D444D5C12791752700EAF9AE /* TodoCell.swift in Sources */ = {isa = PBXBuildFile; fileRef = D444D5C02791752700EAF9AE /* TodoCell.swift */; };
		D444D5C42791A40300EAF9AE /* TodoDetailViewController.swift in Sources */ = {isa = PBXBuildFile; fileRef = D444D5C22791A40300EAF9AE /* TodoDetailViewController.swift */; };
		D444D5C52791A40300EAF9AE /* TodoDetailViewController.xib in Resources */ = {isa = PBXBuildFile; fileRef = D444D5C32791A40300EAF9AE /* TodoDetailViewController.xib */; };
/* End PBXBuildFile section */

/* Begin PBXContainerItemProxy section */
		D444D5A427916F0C00EAF9AE /* PBXContainerItemProxy */ = {
			isa = PBXContainerItemProxy;
			containerPortal = D444D58227916F0B00EAF9AE /* Project object */;
			proxyType = 1;
			remoteGlobalIDString = D444D58927916F0B00EAF9AE;
			remoteInfo = TodoList;
		};
		D444D5AE27916F0C00EAF9AE /* PBXContainerItemProxy */ = {
			isa = PBXContainerItemProxy;
			containerPortal = D444D58227916F0B00EAF9AE /* Project object */;
			proxyType = 1;
			remoteGlobalIDString = D444D58927916F0B00EAF9AE;
			remoteInfo = TodoList;
		};
/* End PBXContainerItemProxy section */

/* Begin PBXFileReference section */
		D444D58A27916F0B00EAF9AE /* TodoList.app */ = {isa = PBXFileReference; explicitFileType = wrapper.application; includeInIndex = 0; path = TodoList.app; sourceTree = BUILT_PRODUCTS_DIR; };
		D444D58D27916F0B00EAF9AE /* AppDelegate.swift */ = {isa = PBXFileReference; lastKnownFileType = sourcecode.swift; path = AppDelegate.swift; sourceTree = "<group>"; };
		D444D58F27916F0B00EAF9AE /* SceneDelegate.swift */ = {isa = PBXFileReference; lastKnownFileType = sourcecode.swift; path = SceneDelegate.swift; sourceTree = "<group>"; };
		D444D59127916F0B00EAF9AE /* ViewController.swift */ = {isa = PBXFileReference; lastKnownFileType = sourcecode.swift; path = ViewController.swift; sourceTree = "<group>"; };
		D444D59427916F0B00EAF9AE /* Base */ = {isa = PBXFileReference; lastKnownFileType = file.storyboard; name = Base; path = Base.lproj/Main.storyboard; sourceTree = "<group>"; };
		D444D59727916F0B00EAF9AE /* TodoList.xcdatamodel */ = {isa = PBXFileReference; lastKnownFileType = wrapper.xcdatamodel; path = TodoList.xcdatamodel; sourceTree = "<group>"; };
		D444D59927916F0C00EAF9AE /* Assets.xcassets */ = {isa = PBXFileReference; lastKnownFileType = folder.assetcatalog; path = Assets.xcassets; sourceTree = "<group>"; };
		D444D59C27916F0C00EAF9AE /* Base */ = {isa = PBXFileReference; lastKnownFileType = file.storyboard; name = Base; path = Base.lproj/LaunchScreen.storyboard; sourceTree = "<group>"; };
		D444D59E27916F0C00EAF9AE /* Info.plist */ = {isa = PBXFileReference; lastKnownFileType = text.plist.xml; path = Info.plist; sourceTree = "<group>"; };
		D444D5A327916F0C00EAF9AE /* TodoListTests.xctest */ = {isa = PBXFileReference; explicitFileType = wrapper.cfbundle; includeInIndex = 0; path = TodoListTests.xctest; sourceTree = BUILT_PRODUCTS_DIR; };
		D444D5A727916F0C00EAF9AE /* TodoListTests.swift */ = {isa = PBXFileReference; lastKnownFileType = sourcecode.swift; path = TodoListTests.swift; sourceTree = "<group>"; };
		D444D5AD27916F0C00EAF9AE /* TodoListUITests.xctest */ = {isa = PBXFileReference; explicitFileType = wrapper.cfbundle; includeInIndex = 0; path = TodoListUITests.xctest; sourceTree = BUILT_PRODUCTS_DIR; };
		D444D5B127916F0C00EAF9AE /* TodoListUITests.swift */ = {isa = PBXFileReference; lastKnownFileType = sourcecode.swift; path = TodoListUITests.swift; sourceTree = "<group>"; };
		D444D5B327916F0C00EAF9AE /* TodoListUITestsLaunchTests.swift */ = {isa = PBXFileReference; lastKnownFileType = sourcecode.swift; path = TodoListUITestsLaunchTests.swift; sourceTree = "<group>"; };
		D444D5C02791752700EAF9AE /* TodoCell.swift */ = {isa = PBXFileReference; lastKnownFileType = sourcecode.swift; path = TodoCell.swift; sourceTree = "<group>"; };
		D444D5C22791A40300EAF9AE /* TodoDetailViewController.swift */ = {isa = PBXFileReference; lastKnownFileType = sourcecode.swift; path = TodoDetailViewController.swift; sourceTree = "<group>"; };
		D444D5C32791A40300EAF9AE /* TodoDetailViewController.xib */ = {isa = PBXFileReference; lastKnownFileType = file.xib; path = TodoDetailViewController.xib; sourceTree = "<group>"; };
/* End PBXFileReference section */

/* Begin PBXFrameworksBuildPhase section */
		D444D58727916F0B00EAF9AE /* Frameworks */ = {
			isa = PBXFrameworksBuildPhase;
			buildActionMask = 2147483647;
			files = (
			);
			runOnlyForDeploymentPostprocessing = 0;
		};
		D444D5A027916F0C00EAF9AE /* Frameworks */ = {
			isa = PBXFrameworksBuildPhase;
			buildActionMask = 2147483647;
			files = (
			);
			runOnlyForDeploymentPostprocessing = 0;
		};
		D444D5AA27916F0C00EAF9AE /* Frameworks */ = {
			isa = PBXFrameworksBuildPhase;
			buildActionMask = 2147483647;
			files = (
			);
			runOnlyForDeploymentPostprocessing = 0;
		};
/* End PBXFrameworksBuildPhase section */

/* Begin PBXGroup section */
		D444D58127916F0B00EAF9AE = {
			isa = PBXGroup;
			children = (
				D444D58C27916F0B00EAF9AE /* TodoList */,
				D444D5A627916F0C00EAF9AE /* TodoListTests */,
				D444D5B027916F0C00EAF9AE /* TodoListUITests */,
				D444D58B27916F0B00EAF9AE /* Products */,
			);
			sourceTree = "<group>";
		};
		D444D58B27916F0B00EAF9AE /* Products */ = {
			isa = PBXGroup;
			children = (
				D444D58A27916F0B00EAF9AE /* TodoList.app */,
				D444D5A327916F0C00EAF9AE /* TodoListTests.xctest */,
				D444D5AD27916F0C00EAF9AE /* TodoListUITests.xctest */,
			);
			name = Products;
			sourceTree = "<group>";
		};
		D444D58C27916F0B00EAF9AE /* TodoList */ = {
			isa = PBXGroup;
			children = (
				D444D58D27916F0B00EAF9AE /* AppDelegate.swift */,
				D444D58F27916F0B00EAF9AE /* SceneDelegate.swift */,
				D444D59127916F0B00EAF9AE /* ViewController.swift */,
				D444D5C22791A40300EAF9AE /* TodoDetailViewController.swift */,
				D444D5C32791A40300EAF9AE /* TodoDetailViewController.xib */,
				D444D59327916F0B00EAF9AE /* Main.storyboard */,
				D444D59927916F0C00EAF9AE /* Assets.xcassets */,
				D444D5C02791752700EAF9AE /* TodoCell.swift */,
				D444D59B27916F0C00EAF9AE /* LaunchScreen.storyboard */,
				D444D59E27916F0C00EAF9AE /* Info.plist */,
				D444D59627916F0B00EAF9AE /* TodoList.xcdatamodeld */,
			);
			path = TodoList;
			sourceTree = "<group>";
		};
		D444D5A627916F0C00EAF9AE /* TodoListTests */ = {
			isa = PBXGroup;
			children = (
				D444D5A727916F0C00EAF9AE /* TodoListTests.swift */,
			);
			path = TodoListTests;
			sourceTree = "<group>";
		};
		D444D5B027916F0C00EAF9AE /* TodoListUITests */ = {
			isa = PBXGroup;
			children = (
				D444D5B127916F0C00EAF9AE /* TodoListUITests.swift */,
				D444D5B327916F0C00EAF9AE /* TodoListUITestsLaunchTests.swift */,
			);
			path = TodoListUITests;
			sourceTree = "<group>";
		};
/* End PBXGroup section */

/* Begin PBXNativeTarget section */
		D444D58927916F0B00EAF9AE /* TodoList */ = {
			isa = PBXNativeTarget;
			buildConfigurationList = D444D5B727916F0C00EAF9AE /* Build configuration list for PBXNativeTarget "TodoList" */;
			buildPhases = (
				D444D58627916F0B00EAF9AE /* Sources */,
				D444D58727916F0B00EAF9AE /* Frameworks */,
				D444D58827916F0B00EAF9AE /* Resources */,
			);
			buildRules = (
			);
			dependencies = (
			);
			name = TodoList;
			productName = TodoList;
			productReference = D444D58A27916F0B00EAF9AE /* TodoList.app */;
			productType = "com.apple.product-type.application";
		};
		D444D5A227916F0C00EAF9AE /* TodoListTests */ = {
			isa = PBXNativeTarget;
			buildConfigurationList = D444D5BA27916F0C00EAF9AE /* Build configuration list for PBXNativeTarget "TodoListTests" */;
			buildPhases = (
				D444D59F27916F0C00EAF9AE /* Sources */,
				D444D5A027916F0C00EAF9AE /* Frameworks */,
				D444D5A127916F0C00EAF9AE /* Resources */,
			);
			buildRules = (
			);
			dependencies = (
				D444D5A527916F0C00EAF9AE /* PBXTargetDependency */,
			);
			name = TodoListTests;
			productName = TodoListTests;
			productReference = D444D5A327916F0C00EAF9AE /* TodoListTests.xctest */;
			productType = "com.apple.product-type.bundle.unit-test";
		};
		D444D5AC27916F0C00EAF9AE /* TodoListUITests */ = {
			isa = PBXNativeTarget;
			buildConfigurationList = D444D5BD27916F0C00EAF9AE /* Build configuration list for PBXNativeTarget "TodoListUITests" */;
			buildPhases = (
				D444D5A927916F0C00EAF9AE /* Sources */,
				D444D5AA27916F0C00EAF9AE /* Frameworks */,
				D444D5AB27916F0C00EAF9AE /* Resources */,
			);
			buildRules = (
			);
			dependencies = (
				D444D5AF27916F0C00EAF9AE /* PBXTargetDependency */,
			);
			name = TodoListUITests;
			productName = TodoListUITests;
			productReference = D444D5AD27916F0C00EAF9AE /* TodoListUITests.xctest */;
			productType = "com.apple.product-type.bundle.ui-testing";
		};
/* End PBXNativeTarget section */

/* Begin PBXProject section */
		D444D58227916F0B00EAF9AE /* Project object */ = {
			isa = PBXProject;
			attributes = {
				BuildIndependentTargetsInParallel = 1;
				LastSwiftUpdateCheck = 1310;
				LastUpgradeCheck = 1310;
				TargetAttributes = {
					D444D58927916F0B00EAF9AE = {
						CreatedOnToolsVersion = 13.1;
					};
					D444D5A227916F0C00EAF9AE = {
						CreatedOnToolsVersion = 13.1;
						TestTargetID = D444D58927916F0B00EAF9AE;
					};
					D444D5AC27916F0C00EAF9AE = {
						CreatedOnToolsVersion = 13.1;
						TestTargetID = D444D58927916F0B00EAF9AE;
					};
				};
			};
			buildConfigurationList = D444D58527916F0B00EAF9AE /* Build configuration list for PBXProject "TodoList" */;
			compatibilityVersion = "Xcode 13.0";
			developmentRegion = en;
			hasScannedForEncodings = 0;
			knownRegions = (
				en,
				Base,
			);
			mainGroup = D444D58127916F0B00EAF9AE;
			productRefGroup = D444D58B27916F0B00EAF9AE /* Products */;
			projectDirPath = "";
			projectRoot = "";
			targets = (
				D444D58927916F0B00EAF9AE /* TodoList */,
				D444D5A227916F0C00EAF9AE /* TodoListTests */,
				D444D5AC27916F0C00EAF9AE /* TodoListUITests */,
			);
		};
/* End PBXProject section */

/* Begin PBXResourcesBuildPhase section */
		D444D58827916F0B00EAF9AE /* Resources */ = {
			isa = PBXResourcesBuildPhase;
			buildActionMask = 2147483647;
			files = (
				D444D59D27916F0C00EAF9AE /* LaunchScreen.storyboard in Resources */,
				D444D5C52791A40300EAF9AE /* TodoDetailViewController.xib in Resources */,
				D444D59A27916F0C00EAF9AE /* Assets.xcassets in Resources */,
				D444D59527916F0B00EAF9AE /* Main.storyboard in Resources */,
			);
			runOnlyForDeploymentPostprocessing = 0;
		};
		D444D5A127916F0C00EAF9AE /* Resources */ = {
			isa = PBXResourcesBuildPhase;
			buildActionMask = 2147483647;
			files = (
			);
			runOnlyForDeploymentPostprocessing = 0;
		};
		D444D5AB27916F0C00EAF9AE /* Resources */ = {
			isa = PBXResourcesBuildPhase;
			buildActionMask = 2147483647;
			files = (
			);
			runOnlyForDeploymentPostprocessing = 0;
		};
/* End PBXResourcesBuildPhase section */

/* Begin PBXSourcesBuildPhase section */
		D444D58627916F0B00EAF9AE /* Sources */ = {
			isa = PBXSourcesBuildPhase;
			buildActionMask = 2147483647;
			files = (
				D444D59227916F0B00EAF9AE /* ViewController.swift in Sources */,
				D444D58E27916F0B00EAF9AE /* AppDelegate.swift in Sources */,
				D444D59027916F0B00EAF9AE /* SceneDelegate.swift in Sources */,
				D444D5C12791752700EAF9AE /* TodoCell.swift in Sources */,
				D444D59827916F0B00EAF9AE /* TodoList.xcdatamodeld in Sources */,
				D444D5C42791A40300EAF9AE /* TodoDetailViewController.swift in Sources */,
			);
			runOnlyForDeploymentPostprocessing = 0;
		};
		D444D59F27916F0C00EAF9AE /* Sources */ = {
			isa = PBXSourcesBuildPhase;
			buildActionMask = 2147483647;
			files = (
				D444D5A827916F0C00EAF9AE /* TodoListTests.swift in Sources */,
			);
			runOnlyForDeploymentPostprocessing = 0;
		};
		D444D5A927916F0C00EAF9AE /* Sources */ = {
			isa = PBXSourcesBuildPhase;
			buildActionMask = 2147483647;
			files = (
				D444D5B427916F0C00EAF9AE /* TodoListUITestsLaunchTests.swift in Sources */,
				D444D5B227916F0C00EAF9AE /* TodoListUITests.swift in Sources */,
			);
			runOnlyForDeploymentPostprocessing = 0;
		};
/* End PBXSourcesBuildPhase section */

/* Begin PBXTargetDependency section */
		D444D5A527916F0C00EAF9AE /* PBXTargetDependency */ = {
			isa = PBXTargetDependency;
			target = D444D58927916F0B00EAF9AE /* TodoList */;
			targetProxy = D444D5A427916F0C00EAF9AE /* PBXContainerItemProxy */;
		};
		D444D5AF27916F0C00EAF9AE /* PBXTargetDependency */ = {
			isa = PBXTargetDependency;
			target = D444D58927916F0B00EAF9AE /* TodoList */;
			targetProxy = D444D5AE27916F0C00EAF9AE /* PBXContainerItemProxy */;
		};
/* End PBXTargetDependency section */

/* Begin PBXVariantGroup section */
		D444D59327916F0B00EAF9AE /* Main.storyboard */ = {
			isa = PBXVariantGroup;
			children = (
				D444D59427916F0B00EAF9AE /* Base */,
			);
			name = Main.storyboard;
			sourceTree = "<group>";
		};
		D444D59B27916F0C00EAF9AE /* LaunchScreen.storyboard */ = {
			isa = PBXVariantGroup;
			children = (
				D444D59C27916F0C00EAF9AE /* Base */,
			);
			name = LaunchScreen.storyboard;
			sourceTree = "<group>";
		};
/* End PBXVariantGroup section */

/* Begin XCBuildConfiguration section */
		D444D5B527916F0C00EAF9AE /* Debug */ = {
			isa = XCBuildConfiguration;
			buildSettings = {
				ALWAYS_SEARCH_USER_PATHS = NO;
				CLANG_ANALYZER_NONNULL = YES;
				CLANG_ANALYZER_NUMBER_OBJECT_CONVERSION = YES_AGGRESSIVE;
				CLANG_CXX_LANGUAGE_STANDARD = "gnu++17";
				CLANG_CXX_LIBRARY = "libc++";
				CLANG_ENABLE_MODULES = YES;
				CLANG_ENABLE_OBJC_ARC = YES;
				CLANG_ENABLE_OBJC_WEAK = YES;
				CLANG_WARN_BLOCK_CAPTURE_AUTORELEASING = YES;
				CLANG_WARN_BOOL_CONVERSION = YES;
				CLANG_WARN_COMMA = YES;
				CLANG_WARN_CONSTANT_CONVERSION = YES;
				CLANG_WARN_DEPRECATED_OBJC_IMPLEMENTATIONS = YES;
				CLANG_WARN_DIRECT_OBJC_ISA_USAGE = YES_ERROR;
				CLANG_WARN_DOCUMENTATION_COMMENTS = YES;
				CLANG_WARN_EMPTY_BODY = YES;
				CLANG_WARN_ENUM_CONVERSION = YES;
				CLANG_WARN_INFINITE_RECURSION = YES;
				CLANG_WARN_INT_CONVERSION = YES;
				CLANG_WARN_NON_LITERAL_NULL_CONVERSION = YES;
				CLANG_WARN_OBJC_IMPLICIT_RETAIN_SELF = YES;
				CLANG_WARN_OBJC_LITERAL_CONVERSION = YES;
				CLANG_WARN_OBJC_ROOT_CLASS = YES_ERROR;
				CLANG_WARN_QUOTED_INCLUDE_IN_FRAMEWORK_HEADER = YES;
				CLANG_WARN_RANGE_LOOP_ANALYSIS = YES;
				CLANG_WARN_STRICT_PROTOTYPES = YES;
				CLANG_WARN_SUSPICIOUS_MOVE = YES;
				CLANG_WARN_UNGUARDED_AVAILABILITY = YES_AGGRESSIVE;
				CLANG_WARN_UNREACHABLE_CODE = YES;
				CLANG_WARN__DUPLICATE_METHOD_MATCH = YES;
				COPY_PHASE_STRIP = NO;
				DEBUG_INFORMATION_FORMAT = dwarf;
				ENABLE_STRICT_OBJC_MSGSEND = YES;
				ENABLE_TESTABILITY = YES;
				GCC_C_LANGUAGE_STANDARD = gnu11;
				GCC_DYNAMIC_NO_PIC = NO;
				GCC_NO_COMMON_BLOCKS = YES;
				GCC_OPTIMIZATION_LEVEL = 0;
				GCC_PREPROCESSOR_DEFINITIONS = (
					"DEBUG=1",
					"$(inherited)",
				);
				GCC_WARN_64_TO_32_BIT_CONVERSION = YES;
				GCC_WARN_ABOUT_RETURN_TYPE = YES_ERROR;
				GCC_WARN_UNDECLARED_SELECTOR = YES;
				GCC_WARN_UNINITIALIZED_AUTOS = YES_AGGRESSIVE;
				GCC_WARN_UNUSED_FUNCTION = YES;
				GCC_WARN_UNUSED_VARIABLE = YES;
				IPHONEOS_DEPLOYMENT_TARGET = 15.0;
				MTL_ENABLE_DEBUG_INFO = INCLUDE_SOURCE;
				MTL_FAST_MATH = YES;
				ONLY_ACTIVE_ARCH = YES;
				SDKROOT = iphoneos;
				SWIFT_ACTIVE_COMPILATION_CONDITIONS = DEBUG;
				SWIFT_OPTIMIZATION_LEVEL = "-Onone";
			};
			name = Debug;
		};
		D444D5B627916F0C00EAF9AE /* Release */ = {
			isa = XCBuildConfiguration;
			buildSettings = {
				ALWAYS_SEARCH_USER_PATHS = NO;
				CLANG_ANALYZER_NONNULL = YES;
				CLANG_ANALYZER_NUMBER_OBJECT_CONVERSION = YES_AGGRESSIVE;
				CLANG_CXX_LANGUAGE_STANDARD = "gnu++17";
				CLANG_CXX_LIBRARY = "libc++";
				CLANG_ENABLE_MODULES = YES;
				CLANG_ENABLE_OBJC_ARC = YES;
				CLANG_ENABLE_OBJC_WEAK = YES;
				CLANG_WARN_BLOCK_CAPTURE_AUTORELEASING = YES;
				CLANG_WARN_BOOL_CONVERSION = YES;
				CLANG_WARN_COMMA = YES;
				CLANG_WARN_CONSTANT_CONVERSION = YES;
				CLANG_WARN_DEPRECATED_OBJC_IMPLEMENTATIONS = YES;
				CLANG_WARN_DIRECT_OBJC_ISA_USAGE = YES_ERROR;
				CLANG_WARN_DOCUMENTATION_COMMENTS = YES;
				CLANG_WARN_EMPTY_BODY = YES;
				CLANG_WARN_ENUM_CONVERSION = YES;
				CLANG_WARN_INFINITE_RECURSION = YES;
				CLANG_WARN_INT_CONVERSION = YES;
				CLANG_WARN_NON_LITERAL_NULL_CONVERSION = YES;
				CLANG_WARN_OBJC_IMPLICIT_RETAIN_SELF = YES;
				CLANG_WARN_OBJC_LITERAL_CONVERSION = YES;
				CLANG_WARN_OBJC_ROOT_CLASS = YES_ERROR;
				CLANG_WARN_QUOTED_INCLUDE_IN_FRAMEWORK_HEADER = YES;
				CLANG_WARN_RANGE_LOOP_ANALYSIS = YES;
				CLANG_WARN_STRICT_PROTOTYPES = YES;
				CLANG_WARN_SUSPICIOUS_MOVE = YES;
				CLANG_WARN_UNGUARDED_AVAILABILITY = YES_AGGRESSIVE;
				CLANG_WARN_UNREACHABLE_CODE = YES;
				CLANG_WARN__DUPLICATE_METHOD_MATCH = YES;
				COPY_PHASE_STRIP = NO;
				DEBUG_INFORMATION_FORMAT = "dwarf-with-dsym";
				ENABLE_NS_ASSERTIONS = NO;
				ENABLE_STRICT_OBJC_MSGSEND = YES;
				GCC_C_LANGUAGE_STANDARD = gnu11;
				GCC_NO_COMMON_BLOCKS = YES;
				GCC_WARN_64_TO_32_BIT_CONVERSION = YES;
				GCC_WARN_ABOUT_RETURN_TYPE = YES_ERROR;
				GCC_WARN_UNDECLARED_SELECTOR = YES;
				GCC_WARN_UNINITIALIZED_AUTOS = YES_AGGRESSIVE;
				GCC_WARN_UNUSED_FUNCTION = YES;
				GCC_WARN_UNUSED_VARIABLE = YES;
				IPHONEOS_DEPLOYMENT_TARGET = 15.0;
				MTL_ENABLE_DEBUG_INFO = NO;
				MTL_FAST_MATH = YES;
				SDKROOT = iphoneos;
				SWIFT_COMPILATION_MODE = wholemodule;
				SWIFT_OPTIMIZATION_LEVEL = "-O";
				VALIDATE_PRODUCT = YES;
			};
			name = Release;
		};
		D444D5B827916F0C00EAF9AE /* Debug */ = {
			isa = XCBuildConfiguration;
			buildSettings = {
				ASSETCATALOG_COMPILER_APPICON_NAME = AppIcon;
				ASSETCATALOG_COMPILER_GLOBAL_ACCENT_COLOR_NAME = AccentColor;
				CODE_SIGN_STYLE = Automatic;
				CURRENT_PROJECT_VERSION = 1;
				DEVELOPMENT_TEAM = 23DK26FW4N;
				GENERATE_INFOPLIST_FILE = YES;
				INFOPLIST_FILE = TodoList/Info.plist;
				INFOPLIST_KEY_UIApplicationSupportsIndirectInputEvents = YES;
				INFOPLIST_KEY_UILaunchStoryboardName = LaunchScreen;
				INFOPLIST_KEY_UIMainStoryboardFile = Main;
				INFOPLIST_KEY_UISupportedInterfaceOrientations_iPad = "UIInterfaceOrientationPortrait UIInterfaceOrientationPortraitUpsideDown UIInterfaceOrientationLandscapeLeft UIInterfaceOrientationLandscapeRight";
				INFOPLIST_KEY_UISupportedInterfaceOrientations_iPhone = "UIInterfaceOrientationPortrait UIInterfaceOrientationLandscapeLeft UIInterfaceOrientationLandscapeRight";
				LD_RUNPATH_SEARCH_PATHS = (
					"$(inherited)",
					"@executable_path/Frameworks",
				);
				MARKETING_VERSION = 1.0;
				PRODUCT_BUNDLE_IDENTIFIER = com.tuentuenna.TodoList;
				PRODUCT_NAME = "$(TARGET_NAME)";
				SWIFT_EMIT_LOC_STRINGS = YES;
				SWIFT_VERSION = 5.0;
				TARGETED_DEVICE_FAMILY = "1,2";
			};
			name = Debug;
		};
		D444D5B927916F0C00EAF9AE /* Release */ = {
			isa = XCBuildConfiguration;
			buildSettings = {
				ASSETCATALOG_COMPILER_APPICON_NAME = AppIcon;
				ASSETCATALOG_COMPILER_GLOBAL_ACCENT_COLOR_NAME = AccentColor;
				CODE_SIGN_STYLE = Automatic;
				CURRENT_PROJECT_VERSION = 1;
				DEVELOPMENT_TEAM = 23DK26FW4N;
				GENERATE_INFOPLIST_FILE = YES;
				INFOPLIST_FILE = TodoList/Info.plist;
				INFOPLIST_KEY_UIApplicationSupportsIndirectInputEvents = YES;
				INFOPLIST_KEY_UILaunchStoryboardName = LaunchScreen;
				INFOPLIST_KEY_UIMainStoryboardFile = Main;
				INFOPLIST_KEY_UISupportedInterfaceOrientations_iPad = "UIInterfaceOrientationPortrait UIInterfaceOrientationPortraitUpsideDown UIInterfaceOrientationLandscapeLeft UIInterfaceOrientationLandscapeRight";
				INFOPLIST_KEY_UISupportedInterfaceOrientations_iPhone = "UIInterfaceOrientationPortrait UIInterfaceOrientationLandscapeLeft UIInterfaceOrientationLandscapeRight";
				LD_RUNPATH_SEARCH_PATHS = (
					"$(inherited)",
					"@executable_path/Frameworks",
				);
				MARKETING_VERSION = 1.0;
				PRODUCT_BUNDLE_IDENTIFIER = com.tuentuenna.TodoList;
				PRODUCT_NAME = "$(TARGET_NAME)";
				SWIFT_EMIT_LOC_STRINGS = YES;
				SWIFT_VERSION = 5.0;
				TARGETED_DEVICE_FAMILY = "1,2";
			};
			name = Release;
		};
		D444D5BB27916F0C00EAF9AE /* Debug */ = {
			isa = XCBuildConfiguration;
			buildSettings = {
				ALWAYS_EMBED_SWIFT_STANDARD_LIBRARIES = YES;
				BUNDLE_LOADER = "$(TEST_HOST)";
				CODE_SIGN_STYLE = Automatic;
				CURRENT_PROJECT_VERSION = 1;
				DEVELOPMENT_TEAM = 23DK26FW4N;
				GENERATE_INFOPLIST_FILE = YES;
				IPHONEOS_DEPLOYMENT_TARGET = 15.0;
				LD_RUNPATH_SEARCH_PATHS = (
					"$(inherited)",
					"@executable_path/Frameworks",
					"@loader_path/Frameworks",
				);
				MARKETING_VERSION = 1.0;
				PRODUCT_BUNDLE_IDENTIFIER = com.tuentuenna.TodoListTests;
				PRODUCT_NAME = "$(TARGET_NAME)";
				SWIFT_EMIT_LOC_STRINGS = NO;
				SWIFT_VERSION = 5.0;
				TARGETED_DEVICE_FAMILY = "1,2";
				TEST_HOST = "$(BUILT_PRODUCTS_DIR)/TodoList.app/TodoList";
			};
			name = Debug;
		};
		D444D5BC27916F0C00EAF9AE /* Release */ = {
			isa = XCBuildConfiguration;
			buildSettings = {
				ALWAYS_EMBED_SWIFT_STANDARD_LIBRARIES = YES;
				BUNDLE_LOADER = "$(TEST_HOST)";
				CODE_SIGN_STYLE = Automatic;
				CURRENT_PROJECT_VERSION = 1;
				DEVELOPMENT_TEAM = 23DK26FW4N;
				GENERATE_INFOPLIST_FILE = YES;
				IPHONEOS_DEPLOYMENT_TARGET = 15.0;
				LD_RUNPATH_SEARCH_PATHS = (
					"$(inherited)",
					"@executable_path/Frameworks",
					"@loader_path/Frameworks",
				);
				MARKETING_VERSION = 1.0;
				PRODUCT_BUNDLE_IDENTIFIER = com.tuentuenna.TodoListTests;
				PRODUCT_NAME = "$(TARGET_NAME)";
				SWIFT_EMIT_LOC_STRINGS = NO;
				SWIFT_VERSION = 5.0;
				TARGETED_DEVICE_FAMILY = "1,2";
				TEST_HOST = "$(BUILT_PRODUCTS_DIR)/TodoList.app/TodoList";
			};
			name = Release;
		};
		D444D5BE27916F0C00EAF9AE /* Debug */ = {
			isa = XCBuildConfiguration;
			buildSettings = {
				ALWAYS_EMBED_SWIFT_STANDARD_LIBRARIES = YES;
				CODE_SIGN_STYLE = Automatic;
				CURRENT_PROJECT_VERSION = 1;
				DEVELOPMENT_TEAM = 23DK26FW4N;
				GENERATE_INFOPLIST_FILE = YES;
				LD_RUNPATH_SEARCH_PATHS = (
					"$(inherited)",
					"@executable_path/Frameworks",
					"@loader_path/Frameworks",
				);
				MARKETING_VERSION = 1.0;
				PRODUCT_BUNDLE_IDENTIFIER = com.tuentuenna.TodoListUITests;
				PRODUCT_NAME = "$(TARGET_NAME)";
				SWIFT_EMIT_LOC_STRINGS = NO;
				SWIFT_VERSION = 5.0;
				TARGETED_DEVICE_FAMILY = "1,2";
				TEST_TARGET_NAME = TodoList;
			};
			name = Debug;
		};
		D444D5BF27916F0C00EAF9AE /* Release */ = {
			isa = XCBuildConfiguration;
			buildSettings = {
				ALWAYS_EMBED_SWIFT_STANDARD_LIBRARIES = YES;
				CODE_SIGN_STYLE = Automatic;
				CURRENT_PROJECT_VERSION = 1;
				DEVELOPMENT_TEAM = 23DK26FW4N;
				GENERATE_INFOPLIST_FILE = YES;
				LD_RUNPATH_SEARCH_PATHS = (
					"$(inherited)",
					"@executable_path/Frameworks",
					"@loader_path/Frameworks",
				);
				MARKETING_VERSION = 1.0;
				PRODUCT_BUNDLE_IDENTIFIER = com.tuentuenna.TodoListUITests;
				PRODUCT_NAME = "$(TARGET_NAME)";
				SWIFT_EMIT_LOC_STRINGS = NO;
				SWIFT_VERSION = 5.0;
				TARGETED_DEVICE_FAMILY = "1,2";
				TEST_TARGET_NAME = TodoList;
			};
			name = Release;
		};
/* End XCBuildConfiguration section */

/* Begin XCConfigurationList section */
		D444D58527916F0B00EAF9AE /* Build configuration list for PBXProject "TodoList" */ = {
			isa = XCConfigurationList;
			buildConfigurations = (
				D444D5B527916F0C00EAF9AE /* Debug */,
				D444D5B627916F0C00EAF9AE /* Release */,
			);
			defaultConfigurationIsVisible = 0;
			defaultConfigurationName = Release;
		};
		D444D5B727916F0C00EAF9AE /* Build configuration list for PBXNativeTarget "TodoList" */ = {
			isa = XCConfigurationList;
			buildConfigurations = (
				D444D5B827916F0C00EAF9AE /* Debug */,
				D444D5B927916F0C00EAF9AE /* Release */,
			);
			defaultConfigurationIsVisible = 0;
			defaultConfigurationName = Release;
		};
		D444D5BA27916F0C00EAF9AE /* Build configuration list for PBXNativeTarget "TodoListTests" */ = {
			isa = XCConfigurationList;
			buildConfigurations = (
				D444D5BB27916F0C00EAF9AE /* Debug */,
				D444D5BC27916F0C00EAF9AE /* Release */,
			);
			defaultConfigurationIsVisible = 0;
			defaultConfigurationName = Release;
		};
		D444D5BD27916F0C00EAF9AE /* Build configuration list for PBXNativeTarget "TodoListUITests" */ = {
			isa = XCConfigurationList;
			buildConfigurations = (
				D444D5BE27916F0C00EAF9AE /* Debug */,
				D444D5BF27916F0C00EAF9AE /* Release */,
			);
			defaultConfigurationIsVisible = 0;
			defaultConfigurationName = Release;
		};
/* End XCConfigurationList section */

/* Begin XCVersionGroup section */
		D444D59627916F0B00EAF9AE /* TodoList.xcdatamodeld */ = {
			isa = XCVersionGroup;
			children = (
				D444D59727916F0B00EAF9AE /* TodoList.xcdatamodel */,
			);
			currentVersion = D444D59727916F0B00EAF9AE /* TodoList.xcdatamodel */;
			path = TodoList.xcdatamodeld;
			sourceTree = "<group>";
			versionGroupType = wrapper.xcdatamodel;
		};
/* End XCVersionGroup section */
	};
	rootObject = D444D58227916F0B00EAF9AE /* Project object */;
}
